<?xml version="1.0" encoding="utf-8"?>
<Project ToolsVersion="4.0" xmlns="http://schemas.microsoft.com/developer/msbuild/2003">
  <ItemGroup>
    <Filter Include="Header Files">
      <UniqueIdentifier>{93995380-89BD-4b04-88EB-625FBE52EBFB}</UniqueIdentifier>
      <Extensions>h;hpp;hxx;hm;inl;inc;xsd</Extensions>
    </Filter>
    <Filter Include="Source Files">
      <UniqueIdentifier>{4FC737F1-C7A5-4376-A066-2A32D752A2FF}</UniqueIdentifier>
      <Extensions>cpp;c;cc;cxx;def;odl;idl;hpj;bat;asm;asmx</Extensions>
    </Filter>
  </ItemGroup>
  <ItemGroup>
    <ClCompile Include="..\..\..\tests\memory.c">
      <Filter>Source Files</Filter>
    </ClCompile>
    <ClCompile Include="..\..\..\tests\misc.c">
      <Filter>Source Files</Filter>
    </ClCompile>
    <ClCompile Include="..\..\..\tests\refmpf.c">
      <Filter>Source Files</Filter>
    </ClCompile>
    <ClCompile Include="..\..\..\tests\refmpn.c">
      <Filter>Source Files</Filter>
    </ClCompile>
    <ClCompile Include="..\..\..\tests\refmpq.c">
      <Filter>Source Files</Filter>
    </ClCompile>
    <ClCompile Include="..\..\..\tests\refmpz.c">
      <Filter>Source Files</Filter>
    </ClCompile>
    <ClCompile Include="..\..\..\tests\trace.c">
      <Filter>Source Files</Filter>
    </ClCompile>
    <ClCompile Include="..\..\..\build.vc\getopt.c">
      <Filter>Source Files</Filter>
    </ClCompile>
  </ItemGroup>
  <ItemGroup>
    <ClInclude Include="..\..\..\build.vc\getopt.h">
      <Filter>Header Files</Filter>
    </ClInclude>
    <ClInclude Include="..\..\lib_mpir_sandybridge_ivybridge\x64\Release\gmp-impl.h">
      <Filter>Header Files</Filter>
    </ClInclude>
    <ClInclude Include="..\..\lib_mpir_sandybridge_ivybridge\x64\Release\gmp-mparam.h">
      <Filter>Header Files</Filter>
    </ClInclude>
    <ClInclude Include="..\..\lib_mpir_sandybridge_ivybridge\x64\Release\longlong.h">
      <Filter>Header Files</Filter>
    </ClInclude>
    <ClInclude Include="..\..\lib_mpir_sandybridge_ivybridge\x64\Release\mpir.h">
      <Filter>Header Files</Filter>
    </ClInclude>
  </ItemGroup>
</Project>