Microsoft Visual Studio Solution File, Format Version 12.00
# Visual Studio 15
VisualStudioVersion = 15.0.26206.0
MinimumVisualStudioVersion = 10.0.40219.1
Project("{8BC9CEB8-8B4A-11D0-8D11-00A0C91BC942}") = "lib_mpir_p3", "lib_mpir_p3\lib_mpir_p3.vcxproj", "{F4418981-ABAA-4B7A-9538-3E0166149F28}"
EndProject
Project("{8BC9CEB8-8B4A-11D0-8D11-00A0C91BC942}") = "dll_mpir_p3", "dll_mpir_p3\dll_mpir_p3.vcxproj", "{52C97475-88BE-437F-BC53-D3E1205EA08B}"
EndProject
Project("{8BC9CEB8-8B4A-11D0-8D11-00A0C91BC942}") = "dll_mpir_gc", "dll_mpir_gc\dll_mpir_gc.vcxproj", "{EF286BFC-F78C-45A4-A818-C6C4CCB96D57}"
EndProject
Project("{8BC9CEB8-8B4A-11D0-8D11-00A0C91BC942}") = "lib_mpir_gc", "lib_mpir_gc\lib_mpir_gc.vcxproj", "{4A742B65-9836-4F46-8310-728F046A31C1}"
EndProject
Project("{8BC9CEB8-8B4A-11D0-8D11-00A0C91BC942}") = "dll_mpir_core2", "dll_mpir_core2\dll_mpir_core2.vcxproj", "{935C1E48-A26F-4E73-B8EA-B163F21E833B}"
EndProject
Project("{8BC9CEB8-8B4A-11D0-8D11-00A0C91BC942}") = "lib_mpir_core2", "lib_mpir_core2\lib_mpir_core2.vcxproj", "{49DD6B75-0009-40DC-BE9E-383C565494C8}"
EndProject
Project("{8BC9CEB8-8B4A-11D0-8D11-00A0C91BC942}") = "lib_mpir_cxx", "lib_mpir_cxx\lib_mpir_cxx.vcxproj", "{D35A0A8E-F81A-4F97-828E-8CAB4B9DBFFC}"
EndProject
Project("{8BC9CEB8-8B4A-11D0-8D11-00A0C91BC942}") = "dll_mpir_skylake_avx", "dll_mpir_skylake_avx\dll_mpir_skylake_avx.vcxproj", "{ED050C7F-0A99-4D98-9460-DFE101FAA802}"
EndProject
Project("{8BC9CEB8-8B4A-11D0-8D11-00A0C91BC942}") = "lib_mpir_skylake_avx", "lib_mpir_skylake_avx\lib_mpir_skylake_avx.vcxproj", "{374FE033-A5E7-47F4-A497-C99C7509961E}"
EndProject
Project("{8BC9CEB8-8B4A-11D0-8D11-00A0C91BC942}") = "dll_mpir_haswell_avx", "dll_mpir_haswell_avx\dll_mpir_haswell_avx.vcxproj", "{074CFDBD-585A-4841-BFA0-2DD8BDF23882}"
EndProject
Project("{8BC9CEB8-8B4A-11D0-8D11-00A0C91BC942}") = "lib_mpir_haswell_avx", "lib_mpir_haswell_avx\lib_mpir_haswell_avx.vcxproj", "{371A8946-D0E3-4316-88DF-75B6DDF3496A}"
EndProject
Global
	GlobalSection(SolutionConfigurationPlatforms) = preSolution
		Debug|Win32 = Debug|Win32
		Debug|x64 = Debug|x64
		Release|Win32 = Release|Win32
		Release|x64 = Release|x64
	EndGlobalSection
	GlobalSection(ProjectConfigurationPlatforms) = postSolution
		{F4418981-ABAA-4B7A-9538-3E0166149F28}.Debug|Win32.ActiveCfg = Debug|Win32
		{F4418981-ABAA-4B7A-9538-3E0166149F28}.Debug|x64.ActiveCfg = Debug|Win32
		{F4418981-ABAA-4B7A-9538-3E0166149F28}.Release|Win32.ActiveCfg = Release|Win32
		{F4418981-ABAA-4B7A-9538-3E0166149F28}.Release|x64.ActiveCfg = Release|Win32
		{52C97475-88BE-437F-BC53-D3E1205EA08B}.Debug|Win32.ActiveCfg = Debug|Win32
		{52C97475-88BE-437F-BC53-D3E1205EA08B}.Debug|x64.ActiveCfg = Debug|Win32
		{52C97475-88BE-437F-BC53-D3E1205EA08B}.Release|Win32.ActiveCfg = Release|Win32
		{52C97475-88BE-437F-BC53-D3E1205EA08B}.Release|x64.ActiveCfg = Release|Win32
		{EF286BFC-F78C-45A4-A818-C6C4CCB96D57}.Debug|Win32.ActiveCfg = Debug|Win32
		{EF286BFC-F78C-45A4-A818-C6C4CCB96D57}.Debug|x64.ActiveCfg = Debug|x64
		{EF286BFC-F78C-45A4-A818-C6C4CCB96D57}.Release|Win32.ActiveCfg = Release|Win32
		{EF286BFC-F78C-45A4-A818-C6C4CCB96D57}.Release|x64.ActiveCfg = Release|x64
		{4A742B65-9836-4F46-8310-728F046A31C1}.Debug|Win32.ActiveCfg = Debug|Win32
		{4A742B65-9836-4F46-8310-728F046A31C1}.Debug|x64.ActiveCfg = Debug|x64
		{4A742B65-9836-4F46-8310-728F046A31C1}.Release|Win32.ActiveCfg = Release|Win32
		{4A742B65-9836-4F46-8310-728F046A31C1}.Release|x64.ActiveCfg = Release|x64
		{935C1E48-A26F-4E73-B8EA-B163F21E833B}.Debug|Win32.ActiveCfg = Debug|x64
		{935C1E48-A26F-4E73-B8EA-B163F21E833B}.Debug|x64.ActiveCfg = Debug|x64
		{935C1E48-A26F-4E73-B8EA-B163F21E833B}.Release|Win32.ActiveCfg = Release|x64
		{935C1E48-A26F-4E73-B8EA-B163F21E833B}.Release|x64.ActiveCfg = Release|x64
		{49DD6B75-0009-40DC-BE9E-383C565494C8}.Debug|Win32.ActiveCfg = Debug|x64
		{49DD6B75-0009-40DC-BE9E-383C565494C8}.Debug|x64.ActiveCfg = Debug|x64
		{49DD6B75-0009-40DC-BE9E-383C565494C8}.Release|Win32.ActiveCfg = Release|x64
		{49DD6B75-0009-40DC-BE9E-383C565494C8}.Release|x64.ActiveCfg = Release|x64
		{D35A0A8E-F81A-4F97-828E-8CAB4B9DBFFC}.Debug|Win32.ActiveCfg = Debug|Win32
		{D35A0A8E-F81A-4F97-828E-8CAB4B9DBFFC}.Debug|x64.ActiveCfg = Debug|x64
		{D35A0A8E-F81A-4F97-828E-8CAB4B9DBFFC}.Release|Win32.ActiveCfg = Release|Win32
		{D35A0A8E-F81A-4F97-828E-8CAB4B9DBFFC}.Release|x64.ActiveCfg = Release|x64
		{ED050C7F-0A99-4D98-9460-DFE101FAA802}.Debug|Win32.ActiveCfg = Debug|x64
		{ED050C7F-0A99-4D98-9460-DFE101FAA802}.Debug|x64.ActiveCfg = Debug|x64
		{ED050C7F-0A99-4D98-9460-DFE101FAA802}.Release|Win32.ActiveCfg = Release|x64
		{ED050C7F-0A99-4D98-9460-DFE101FAA802}.Release|x64.ActiveCfg = Release|x64
		{374FE033-A5E7-47F4-A497-C99C7509961E}.Debug|Win32.ActiveCfg = Debug|x64
		{374FE033-A5E7-47F4-A497-C99C7509961E}.Debug|x64.ActiveCfg = Debug|x64
		{374FE033-A5E7-47F4-A497-C99C7509961E}.Release|Win32.ActiveCfg = Release|x64
		{374FE033-A5E7-47F4-A497-C99C7509961E}.Release|x64.ActiveCfg = Release|x64
		{074CFDBD-585A-4841-BFA0-2DD8BDF23882}.Debug|Win32.ActiveCfg = Debug|x64
		{074CFDBD-585A-4841-BFA0-2DD8BDF23882}.Debug|x64.ActiveCfg = Debug|x64
		{074CFDBD-585A-4841-BFA0-2DD8BDF23882}.Release|Win32.ActiveCfg = Release|x64
		{074CFDBD-585A-4841-BFA0-2DD8BDF23882}.Release|x64.ActiveCfg = Release|x64
		{371A8946-D0E3-4316-88DF-75B6DDF3496A}.Debug|Win32.ActiveCfg = Debug|x64
		{371A8946-D0E3-4316-88DF-75B6DDF3496A}.Debug|x64.ActiveCfg = Debug|x64
		{371A8946-D0E3-4316-88DF-75B6DDF3496A}.Release|Win32.ActiveCfg = Release|x64
		{371A8946-D0E3-4316-88DF-75B6DDF3496A}.Release|x64.ActiveCfg = Release|x64
	EndGlobalSection
	GlobalSection(SolutionProperties) = preSolution
		HideSolutionNode = FALSE
	EndGlobalSection
EndGlobal
