Microsoft Visual Studio Solution File, Format Version 11.00
# Visual Studio 2010
Project("{8BC9CEB8-8B4A-11D0-8D11-00A0C91BC942}") = "lib_mpir_p0", "lib_mpir_p0\lib_mpir_p0.vcxproj", "{9A5F1341-3A31-9608-448A-E141FF74FD3D}"
EndProject
Project("{8BC9CEB8-8B4A-11D0-8D11-00A0C91BC942}") = "lib_mpir_p3", "lib_mpir_p3\lib_mpir_p3.vcxproj", "{E90E5A34-0D67-FDF6-49DE-993D5A14EC58}"
EndProject
Project("{8BC9CEB8-8B4A-11D0-8D11-00A0C91BC942}") = "lib_mpir_p4", "lib_mpir_p4\lib_mpir_p4.vcxproj", "{41093A5F-24E4-261A-9230-58F4A5C4F27B}"
EndProject
Project("{8BC9CEB8-8B4A-11D0-8D11-00A0C91BC942}") = "dll_mpir_p4", "dll_mpir_p4\dll_mpir_p4.vcxproj", "{5C398381-ED6D-F4D3-4A86-06961A42E4E0}"
EndProject
Project("{8BC9CEB8-8B4A-11D0-8D11-00A0C91BC942}") = "dll_mpir_p0", "dll_mpir_p0\dll_mpir_p0.vcxproj", "{5621CBC1-D62E-1B69-2215-3745673ABF26}"
EndProject
Project("{8BC9CEB8-8B4A-11D0-8D11-00A0C91BC942}") = "dll_mpir_p3", "dll_mpir_p3\dll_mpir_p3.vcxproj", "{352C0346-32A4-A5E2-3357-4128EC252852}"
EndProject
Project("{8BC9CEB8-8B4A-11D0-8D11-00A0C91BC942}") = "dll_mpir_core2", "dll_mpir_core2\dll_mpir_core2.vcxproj", "{4543248B-7320-37ED-561E-321769ABEA4D}"
EndProject
Project("{8BC9CEB8-8B4A-11D0-8D11-00A0C91BC942}") = "lib_mpir_core2", "lib_mpir_core2\lib_mpir_core2.vcxproj", "{6FDF287A-59E5-1197-AC60-6B96408C945B}"
EndProject
Project("{8BC9CEB8-8B4A-11D0-8D11-00A0C91BC942}") = "lib_mpir_cxx", "lib_mpir_cxx\lib_mpir_cxx.vcxproj", "{E8568FBF-D39E-F377-176C-1FA60D965D44}"
EndProject
Project("{8BC9CEB8-8B4A-11D0-8D11-00A0C91BC942}") = "dll_mpir_k8", "dll_mpir_k8\dll_mpir_k8.vcxproj", "{AFFB88B9-91BE-E2CE-3FE9-A109B8D800DA}"
EndProject
Project("{8BC9CEB8-8B4A-11D0-8D11-00A0C91BC942}") = "lib_mpir_k8", "lib_mpir_k8\lib_mpir_k8.vcxproj", "{4BA61816-ECE9-5EB4-55DB-70C09534395A}"
EndProject
Project("{8BC9CEB8-8B4A-11D0-8D11-00A0C91BC942}") = "dll_mpir_k10", "dll_mpir_k10\dll_mpir_k10.vcxproj", "{ADC98C00-8C5A-82EF-D8EB-588A5EA6CCB0}"
EndProject
Project("{8BC9CEB8-8B4A-11D0-8D11-00A0C91BC942}") = "lib_mpir_k10", "lib_mpir_k10\lib_mpir_k10.vcxproj", "{41D8287D-23F6-BCB7-BC3A-8D518D949992}"
EndProject
Project("{8BC9CEB8-8B4A-11D0-8D11-00A0C91BC942}") = "dll_mpir_nehalem", "dll_mpir_nehalem\dll_mpir_nehalem.vcxproj", "{1954C7D0-F97E-F3E8-AC5A-7DCED15582DA}"
EndProject
Project("{8BC9CEB8-8B4A-11D0-8D11-00A0C91BC942}") = "lib_mpir_nehalem", "lib_mpir_nehalem\lib_mpir_nehalem.vcxproj", "{81E74C76-BD94-404D-7FD8-8538684AAFC0}"
EndProject
Project("{8BC9CEB8-8B4A-11D0-8D11-00A0C91BC942}") = "dll_mpir_gc-win32", "dll_mpir_gc-win32\dll_mpir_gc-win32.vcxproj", "{CDF0BB44-0FD6-B998-E958-BD789EBE695A}"
EndProject
Project("{8BC9CEB8-8B4A-11D0-8D11-00A0C91BC942}") = "lib_mpir_gc-x64", "lib_mpir_gc-x64\lib_mpir_gc-x64.vcxproj", "{1277D515-7C43-E70C-C899-198151391A9D}"
EndProject
Project("{8BC9CEB8-8B4A-11D0-8D11-00A0C91BC942}") = "dll_mpir_gc-x64", "dll_mpir_gc-x64\dll_mpir_gc-x64.vcxproj", "{EB64DCCE-B398-C9CA-2907-BDD19A579B29}"
EndProject
Project("{8BC9CEB8-8B4A-11D0-8D11-00A0C91BC942}") = "lib_mpir_gc-win32", "lib_mpir_gc-win32\lib_mpir_gc-win32.vcxproj", "{3CCC2C71-9DE3-2518-06C6-5B098527F7C3}"
EndProject
Global
	GlobalSection(SolutionConfigurationPlatforms) = preSolution
		Debug|Win32 = Debug|Win32
		Debug|x64 = Debug|x64
		Release|Win32 = Release|Win32
		Release|x64 = Release|x64
	EndGlobalSection
	GlobalSection(ProjectConfigurationPlatforms) = postSolution
		{9A5F1341-3A31-9608-448A-E141FF74FD3D}.Debug|Win32.ActiveCfg = Debug|win32
		{9A5F1341-3A31-9608-448A-E141FF74FD3D}.Debug|x64.ActiveCfg = Debug|win32
		{9A5F1341-3A31-9608-448A-E141FF74FD3D}.Release|Win32.ActiveCfg = Release|win32
		{9A5F1341-3A31-9608-448A-E141FF74FD3D}.Release|x64.ActiveCfg = Release|win32
		{E90E5A34-0D67-FDF6-49DE-993D5A14EC58}.Debug|Win32.ActiveCfg = Debug|win32
		{E90E5A34-0D67-FDF6-49DE-993D5A14EC58}.Debug|x64.ActiveCfg = Debug|win32
		{E90E5A34-0D67-FDF6-49DE-993D5A14EC58}.Release|Win32.ActiveCfg = Release|win32
		{E90E5A34-0D67-FDF6-49DE-993D5A14EC58}.Release|x64.ActiveCfg = Release|win32
		{41093A5F-24E4-261A-9230-58F4A5C4F27B}.Debug|Win32.ActiveCfg = Debug|win32
		{41093A5F-24E4-261A-9230-58F4A5C4F27B}.Debug|x64.ActiveCfg = Debug|win32
		{41093A5F-24E4-261A-9230-58F4A5C4F27B}.Release|Win32.ActiveCfg = Release|win32
		{41093A5F-24E4-261A-9230-58F4A5C4F27B}.Release|x64.ActiveCfg = Release|win32
		{5C398381-ED6D-F4D3-4A86-06961A42E4E0}.Debug|Win32.ActiveCfg = Debug|win32
		{5C398381-ED6D-F4D3-4A86-06961A42E4E0}.Debug|x64.ActiveCfg = Debug|win32
		{5C398381-ED6D-F4D3-4A86-06961A42E4E0}.Release|Win32.ActiveCfg = Release|win32
		{5C398381-ED6D-F4D3-4A86-06961A42E4E0}.Release|x64.ActiveCfg = Release|win32
		{5621CBC1-D62E-1B69-2215-3745673ABF26}.Debug|Win32.ActiveCfg = Debug|win32
		{5621CBC1-D62E-1B69-2215-3745673ABF26}.Debug|x64.ActiveCfg = Debug|win32
		{5621CBC1-D62E-1B69-2215-3745673ABF26}.Release|Win32.ActiveCfg = Release|win32
		{5621CBC1-D62E-1B69-2215-3745673ABF26}.Release|x64.ActiveCfg = Release|win32
		{352C0346-32A4-A5E2-3357-4128EC252852}.Debug|Win32.ActiveCfg = Debug|win32
		{352C0346-32A4-A5E2-3357-4128EC252852}.Debug|x64.ActiveCfg = Debug|win32
		{352C0346-32A4-A5E2-3357-4128EC252852}.Release|Win32.ActiveCfg = Release|win32
		{352C0346-32A4-A5E2-3357-4128EC252852}.Release|x64.ActiveCfg = Release|win32
		{4543248B-7320-37ED-561E-321769ABEA4D}.Debug|Win32.ActiveCfg = Debug|x64
		{4543248B-7320-37ED-561E-321769ABEA4D}.Debug|x64.ActiveCfg = Debug|x64
		{4543248B-7320-37ED-561E-321769ABEA4D}.Release|Win32.ActiveCfg = Release|x64
		{4543248B-7320-37ED-561E-321769ABEA4D}.Release|x64.ActiveCfg = Release|x64
		{6FDF287A-59E5-1197-AC60-6B96408C945B}.Debug|Win32.ActiveCfg = Debug|x64
		{6FDF287A-59E5-1197-AC60-6B96408C945B}.Debug|x64.ActiveCfg = Debug|x64
		{6FDF287A-59E5-1197-AC60-6B96408C945B}.Release|Win32.ActiveCfg = Release|x64
		{6FDF287A-59E5-1197-AC60-6B96408C945B}.Release|x64.ActiveCfg = Release|x64
		{E8568FBF-D39E-F377-176C-1FA60D965D44}.Debug|Win32.ActiveCfg = Debug|x64
		{E8568FBF-D39E-F377-176C-1FA60D965D44}.Debug|x64.ActiveCfg = Debug|x64
		{E8568FBF-D39E-F377-176C-1FA60D965D44}.Debug|x64.Build.0 = Debug|x64
		{E8568FBF-D39E-F377-176C-1FA60D965D44}.Release|Win32.ActiveCfg = Release|x64
		{E8568FBF-D39E-F377-176C-1FA60D965D44}.Release|x64.ActiveCfg = Release|x64
		{E8568FBF-D39E-F377-176C-1FA60D965D44}.Release|x64.Build.0 = Release|x64
		{AFFB88B9-91BE-E2CE-3FE9-A109B8D800DA}.Debug|Win32.ActiveCfg = Debug|x64
		{AFFB88B9-91BE-E2CE-3FE9-A109B8D800DA}.Debug|x64.ActiveCfg = Debug|x64
		{AFFB88B9-91BE-E2CE-3FE9-A109B8D800DA}.Release|Win32.ActiveCfg = Release|x64
		{AFFB88B9-91BE-E2CE-3FE9-A109B8D800DA}.Release|x64.ActiveCfg = Release|x64
		{4BA61816-ECE9-5EB4-55DB-70C09534395A}.Debug|Win32.ActiveCfg = Debug|x64
		{4BA61816-ECE9-5EB4-55DB-70C09534395A}.Debug|x64.ActiveCfg = Debug|x64
		{4BA61816-ECE9-5EB4-55DB-70C09534395A}.Release|Win32.ActiveCfg = Release|x64
		{4BA61816-ECE9-5EB4-55DB-70C09534395A}.Release|x64.ActiveCfg = Release|x64
		{ADC98C00-8C5A-82EF-D8EB-588A5EA6CCB0}.Debug|Win32.ActiveCfg = Debug|x64
		{ADC98C00-8C5A-82EF-D8EB-588A5EA6CCB0}.Debug|x64.ActiveCfg = Debug|x64
		{ADC98C00-8C5A-82EF-D8EB-588A5EA6CCB0}.Release|Win32.ActiveCfg = Release|x64
		{ADC98C00-8C5A-82EF-D8EB-588A5EA6CCB0}.Release|x64.ActiveCfg = Release|x64
		{41D8287D-23F6-BCB7-BC3A-8D518D949992}.Debug|Win32.ActiveCfg = Debug|x64
		{41D8287D-23F6-BCB7-BC3A-8D518D949992}.Debug|x64.ActiveCfg = Debug|x64
		{41D8287D-23F6-BCB7-BC3A-8D518D949992}.Release|Win32.ActiveCfg = Release|x64
		{41D8287D-23F6-BCB7-BC3A-8D518D949992}.Release|x64.ActiveCfg = Release|x64
		{1954C7D0-F97E-F3E8-AC5A-7DCED15582DA}.Debug|Win32.ActiveCfg = Debug|x64
		{1954C7D0-F97E-F3E8-AC5A-7DCED15582DA}.Debug|x64.ActiveCfg = Debug|x64
		{1954C7D0-F97E-F3E8-AC5A-7DCED15582DA}.Release|Win32.ActiveCfg = Release|x64
		{1954C7D0-F97E-F3E8-AC5A-7DCED15582DA}.Release|x64.ActiveCfg = Release|x64
		{81E74C76-BD94-404D-7FD8-8538684AAFC0}.Debug|Win32.ActiveCfg = Debug|x64
		{81E74C76-BD94-404D-7FD8-8538684AAFC0}.Debug|x64.ActiveCfg = Debug|x64
		{81E74C76-BD94-404D-7FD8-8538684AAFC0}.Release|Win32.ActiveCfg = Release|x64
		{81E74C76-BD94-404D-7FD8-8538684AAFC0}.Release|x64.ActiveCfg = Release|x64
		{CDF0BB44-0FD6-B998-E958-BD789EBE695A}.Debug|Win32.ActiveCfg = Debug|win32
		{CDF0BB44-0FD6-B998-E958-BD789EBE695A}.Debug|Win32.Build.0 = Debug|win32
		{CDF0BB44-0FD6-B998-E958-BD789EBE695A}.Debug|x64.ActiveCfg = Debug|win32
		{CDF0BB44-0FD6-B998-E958-BD789EBE695A}.Release|Win32.ActiveCfg = Release|win32
		{CDF0BB44-0FD6-B998-E958-BD789EBE695A}.Release|Win32.Build.0 = Release|win32
		{CDF0BB44-0FD6-B998-E958-BD789EBE695A}.Release|x64.ActiveCfg = Release|win32
		{1277D515-7C43-E70C-C899-198151391A9D}.Debug|Win32.ActiveCfg = Debug|x64
		{1277D515-7C43-E70C-C899-198151391A9D}.Debug|x64.ActiveCfg = Debug|x64
		{1277D515-7C43-E70C-C899-198151391A9D}.Debug|x64.Build.0 = Debug|x64
		{1277D515-7C43-E70C-C899-198151391A9D}.Release|Win32.ActiveCfg = Release|x64
		{1277D515-7C43-E70C-C899-198151391A9D}.Release|x64.ActiveCfg = Release|x64
		{1277D515-7C43-E70C-C899-198151391A9D}.Release|x64.Build.0 = Release|x64
		{EB64DCCE-B398-C9CA-2907-BDD19A579B29}.Debug|Win32.ActiveCfg = Debug|x64
		{EB64DCCE-B398-C9CA-2907-BDD19A579B29}.Debug|x64.ActiveCfg = Debug|x64
		{EB64DCCE-B398-C9CA-2907-BDD19A579B29}.Debug|x64.Build.0 = Debug|x64
		{EB64DCCE-B398-C9CA-2907-BDD19A579B29}.Release|Win32.ActiveCfg = Release|x64
		{EB64DCCE-B398-C9CA-2907-BDD19A579B29}.Release|x64.ActiveCfg = Release|x64
		{EB64DCCE-B398-C9CA-2907-BDD19A579B29}.Release|x64.Build.0 = Release|x64
		{3CCC2C71-9DE3-2518-06C6-5B098527F7C3}.Debug|Win32.ActiveCfg = Debug|win32
		{3CCC2C71-9DE3-2518-06C6-5B098527F7C3}.Debug|Win32.Build.0 = Debug|win32
		{3CCC2C71-9DE3-2518-06C6-5B098527F7C3}.Debug|x64.ActiveCfg = Debug|win32
		{3CCC2C71-9DE3-2518-06C6-5B098527F7C3}.Release|Win32.ActiveCfg = Release|win32
		{3CCC2C71-9DE3-2518-06C6-5B098527F7C3}.Release|Win32.Build.0 = Release|win32
		{3CCC2C71-9DE3-2518-06C6-5B098527F7C3}.Release|x64.ActiveCfg = Release|win32
	EndGlobalSection
	GlobalSection(SolutionProperties) = preSolution
		HideSolutionNode = FALSE
	EndGlobalSection
EndGlobal
