Microsoft Visual Studio Solution File, Format Version 11.00
# Visual Studio 2010
Project("{8BC9CEB8-8B4A-11D0-8D11-00A0C91BC942}") = "lib_mpir_p0", "lib_mpir_p0\lib_mpir_p0.vcxproj", "{DF533200-D1DB-11E1-BB35-B8AC6F6D3C92}"
EndProject
Project("{8BC9CEB8-8B4A-11D0-8D11-00A0C91BC942}") = "lib_mpir_p3", "lib_mpir_p3\lib_mpir_p3.vcxproj", "{E8C7B270-D1DB-11E1-A3DC-B8AC6F6D3C92}"
EndProject
Project("{8BC9CEB8-8B4A-11D0-8D11-00A0C91BC942}") = "lib_mpir_p4", "lib_mpir_p4\lib_mpir_p4.vcxproj", "{F52B6392-D1DB-11E1-B024-B8AC6F6D3C92}"
EndProject
Project("{8BC9CEB8-8B4A-11D0-8D11-00A0C91BC942}") = "dll_mpir_p4", "dll_mpir_p4\dll_mpir_p4.vcxproj", "{F51A4C92-D1DB-11E1-886E-B8AC6F6D3C92}"
EndProject
Project("{8BC9CEB8-8B4A-11D0-8D11-00A0C91BC942}") = "dll_mpir_p0", "dll_mpir_p0\dll_mpir_p0.vcxproj", "{DF40945E-D1DB-11E1-9D13-B8AC6F6D3C92}"
EndProject
Project("{8BC9CEB8-8B4A-11D0-8D11-00A0C91BC942}") = "dll_mpir_p3", "dll_mpir_p3\dll_mpir_p3.vcxproj", "{E8B64D50-D1DB-11E1-833E-B8AC6F6D3C92}"
EndProject
Project("{8BC9CEB8-8B4A-11D0-8D11-00A0C91BC942}") = "dll_mpir_core2", "dll_mpir_core2\dll_mpir_core2.vcxproj", "{09EEA2B0-D1DC-11E1-84D5-B8AC6F6D3C92}"
EndProject
Project("{8BC9CEB8-8B4A-11D0-8D11-00A0C91BC942}") = "lib_mpir_core2", "lib_mpir_core2\lib_mpir_core2.vcxproj", "{09FF92A2-D1DC-11E1-B3D7-B8AC6F6D3C92}"
EndProject
Project("{8BC9CEB8-8B4A-11D0-8D11-00A0C91BC942}") = "lib_mpir_cxx", "lib_mpir_cxx\lib_mpir_cxx.vcxproj", "{B9094122-D1DB-11E1-B1B7-B8AC6F6D3C92}"
EndProject
Project("{8BC9CEB8-8B4A-11D0-8D11-00A0C91BC942}") = "dll_mpir_k8", "dll_mpir_k8\dll_mpir_k8.vcxproj", "{195E3440-D1DC-11E1-B22D-B8AC6F6D3C92}"
EndProject
Project("{8BC9CEB8-8B4A-11D0-8D11-00A0C91BC942}") = "lib_mpir_k8", "lib_mpir_k8\lib_mpir_k8.vcxproj", "{196EFD1E-D1DC-11E1-B8B8-B8AC6F6D3C92}"
EndProject
Project("{8BC9CEB8-8B4A-11D0-8D11-00A0C91BC942}") = "dll_mpir_k10", "dll_mpir_k10\dll_mpir_k10.vcxproj", "{77E2D1DB-7E23-8E19-D254-414A6B964C2B}"
EndProject
Project("{8BC9CEB8-8B4A-11D0-8D11-00A0C91BC942}") = "lib_mpir_k10", "lib_mpir_k10\lib_mpir_k10.vcxproj", "{50FFCD4F-23C1-34B4-17A5-CC1C74C72E36}"
EndProject
Project("{8BC9CEB8-8B4A-11D0-8D11-00A0C91BC942}") = "dll_mpir_nehalem", "dll_mpir_nehalem\dll_mpir_nehalem.vcxproj", "{4348F292-D1DC-11E1-BF2C-B8AC6F6D3C92}"
EndProject
Project("{8BC9CEB8-8B4A-11D0-8D11-00A0C91BC942}") = "lib_mpir_nehalem", "lib_mpir_nehalem\lib_mpir_nehalem.vcxproj", "{43594640-D1DC-11E1-B540-B8AC6F6D3C92}"
EndProject
Project("{8BC9CEB8-8B4A-11D0-8D11-00A0C91BC942}") = "lib_mpir_gc", "lib_mpir_gc\lib_mpir_gc.vcxproj", "{B8E34290-D1DB-11E1-9D06-B8AC6F6D3C92}"
EndProject
Project("{8BC9CEB8-8B4A-11D0-8D11-00A0C91BC942}") = "dll_mpir_gc", "dll_mpir_gc\dll_mpir_gc.vcxproj", "{B8CCFB70-D1DB-11E1-857D-B8AC6F6D3C92}"
EndProject
Global
	GlobalSection(SolutionConfigurationPlatforms) = preSolution
		Debug|Win32 = Debug|Win32
		Debug|x64 = Debug|x64
		Release|Win32 = Release|Win32
		Release|x64 = Release|x64
	EndGlobalSection
	GlobalSection(ProjectConfigurationPlatforms) = postSolution
		{DF533200-D1DB-11E1-BB35-B8AC6F6D3C92}.Debug|Win32.ActiveCfg = Debug|Win32
		{DF533200-D1DB-11E1-BB35-B8AC6F6D3C92}.Debug|x64.ActiveCfg = Debug|Win32
		{DF533200-D1DB-11E1-BB35-B8AC6F6D3C92}.Release|Win32.ActiveCfg = Release|Win32
		{DF533200-D1DB-11E1-BB35-B8AC6F6D3C92}.Release|x64.ActiveCfg = Release|Win32
		{E8C7B270-D1DB-11E1-A3DC-B8AC6F6D3C92}.Debug|Win32.ActiveCfg = Debug|Win32
		{E8C7B270-D1DB-11E1-A3DC-B8AC6F6D3C92}.Debug|x64.ActiveCfg = Debug|Win32
		{E8C7B270-D1DB-11E1-A3DC-B8AC6F6D3C92}.Release|Win32.ActiveCfg = Release|Win32
		{E8C7B270-D1DB-11E1-A3DC-B8AC6F6D3C92}.Release|x64.ActiveCfg = Release|Win32
		{F52B6392-D1DB-11E1-B024-B8AC6F6D3C92}.Debug|Win32.ActiveCfg = Debug|Win32
		{F52B6392-D1DB-11E1-B024-B8AC6F6D3C92}.Debug|x64.ActiveCfg = Debug|Win32
		{F52B6392-D1DB-11E1-B024-B8AC6F6D3C92}.Release|Win32.ActiveCfg = Release|Win32
		{F52B6392-D1DB-11E1-B024-B8AC6F6D3C92}.Release|x64.ActiveCfg = Release|Win32
		{F51A4C92-D1DB-11E1-886E-B8AC6F6D3C92}.Debug|Win32.ActiveCfg = Debug|Win32
		{F51A4C92-D1DB-11E1-886E-B8AC6F6D3C92}.Debug|x64.ActiveCfg = Debug|Win32
		{F51A4C92-D1DB-11E1-886E-B8AC6F6D3C92}.Release|Win32.ActiveCfg = Release|Win32
		{F51A4C92-D1DB-11E1-886E-B8AC6F6D3C92}.Release|x64.ActiveCfg = Release|Win32
		{DF40945E-D1DB-11E1-9D13-B8AC6F6D3C92}.Debug|Win32.ActiveCfg = Debug|Win32
		{DF40945E-D1DB-11E1-9D13-B8AC6F6D3C92}.Debug|x64.ActiveCfg = Debug|Win32
		{DF40945E-D1DB-11E1-9D13-B8AC6F6D3C92}.Release|Win32.ActiveCfg = Release|Win32
		{DF40945E-D1DB-11E1-9D13-B8AC6F6D3C92}.Release|x64.ActiveCfg = Release|Win32
		{E8B64D50-D1DB-11E1-833E-B8AC6F6D3C92}.Debug|Win32.ActiveCfg = Debug|Win32
		{E8B64D50-D1DB-11E1-833E-B8AC6F6D3C92}.Debug|x64.ActiveCfg = Debug|Win32
		{E8B64D50-D1DB-11E1-833E-B8AC6F6D3C92}.Release|Win32.ActiveCfg = Release|Win32
		{E8B64D50-D1DB-11E1-833E-B8AC6F6D3C92}.Release|x64.ActiveCfg = Release|Win32
		{09EEA2B0-D1DC-11E1-84D5-B8AC6F6D3C92}.Debug|Win32.ActiveCfg = Debug|x64
		{09EEA2B0-D1DC-11E1-84D5-B8AC6F6D3C92}.Debug|x64.ActiveCfg = Debug|x64
		{09EEA2B0-D1DC-11E1-84D5-B8AC6F6D3C92}.Release|Win32.ActiveCfg = Release|x64
		{09EEA2B0-D1DC-11E1-84D5-B8AC6F6D3C92}.Release|x64.ActiveCfg = Release|x64
		{09FF92A2-D1DC-11E1-B3D7-B8AC6F6D3C92}.Debug|Win32.ActiveCfg = Debug|x64
		{09FF92A2-D1DC-11E1-B3D7-B8AC6F6D3C92}.Debug|x64.ActiveCfg = Debug|x64
		{09FF92A2-D1DC-11E1-B3D7-B8AC6F6D3C92}.Release|Win32.ActiveCfg = Release|x64
		{09FF92A2-D1DC-11E1-B3D7-B8AC6F6D3C92}.Release|x64.ActiveCfg = Release|x64
		{B9094122-D1DB-11E1-B1B7-B8AC6F6D3C92}.Debug|Win32.ActiveCfg = Debug|Win32
		{B9094122-D1DB-11E1-B1B7-B8AC6F6D3C92}.Debug|x64.ActiveCfg = Debug|x64
		{B9094122-D1DB-11E1-B1B7-B8AC6F6D3C92}.Release|Win32.ActiveCfg = Release|Win32
		{B9094122-D1DB-11E1-B1B7-B8AC6F6D3C92}.Release|x64.ActiveCfg = Release|x64
		{195E3440-D1DC-11E1-B22D-B8AC6F6D3C92}.Debug|Win32.ActiveCfg = Debug|x64
		{195E3440-D1DC-11E1-B22D-B8AC6F6D3C92}.Debug|x64.ActiveCfg = Debug|x64
		{195E3440-D1DC-11E1-B22D-B8AC6F6D3C92}.Release|Win32.ActiveCfg = Release|x64
		{195E3440-D1DC-11E1-B22D-B8AC6F6D3C92}.Release|x64.ActiveCfg = Release|x64
		{196EFD1E-D1DC-11E1-B8B8-B8AC6F6D3C92}.Debug|Win32.ActiveCfg = Debug|x64
		{196EFD1E-D1DC-11E1-B8B8-B8AC6F6D3C92}.Debug|x64.ActiveCfg = Debug|x64
		{196EFD1E-D1DC-11E1-B8B8-B8AC6F6D3C92}.Release|Win32.ActiveCfg = Release|x64
		{196EFD1E-D1DC-11E1-B8B8-B8AC6F6D3C92}.Release|x64.ActiveCfg = Release|x64
		{77E2D1DB-7E23-8E19-D254-414A6B964C2B}.Debug|Win32.ActiveCfg = Debug|x64
		{77E2D1DB-7E23-8E19-D254-414A6B964C2B}.Debug|x64.ActiveCfg = Debug|x64
		{77E2D1DB-7E23-8E19-D254-414A6B964C2B}.Release|Win32.ActiveCfg = Release|x64
		{77E2D1DB-7E23-8E19-D254-414A6B964C2B}.Release|x64.ActiveCfg = Release|x64
		{50FFCD4F-23C1-34B4-17A5-CC1C74C72E36}.Debug|Win32.ActiveCfg = Debug|x64
		{50FFCD4F-23C1-34B4-17A5-CC1C74C72E36}.Debug|x64.ActiveCfg = Debug|x64
		{50FFCD4F-23C1-34B4-17A5-CC1C74C72E36}.Release|Win32.ActiveCfg = Release|x64
		{50FFCD4F-23C1-34B4-17A5-CC1C74C72E36}.Release|x64.ActiveCfg = Release|x64
		{4348F292-D1DC-11E1-BF2C-B8AC6F6D3C92}.Debug|Win32.ActiveCfg = Debug|x64
		{4348F292-D1DC-11E1-BF2C-B8AC6F6D3C92}.Debug|x64.ActiveCfg = Debug|x64
		{4348F292-D1DC-11E1-BF2C-B8AC6F6D3C92}.Release|Win32.ActiveCfg = Release|x64
		{4348F292-D1DC-11E1-BF2C-B8AC6F6D3C92}.Release|x64.ActiveCfg = Release|x64
		{43594640-D1DC-11E1-B540-B8AC6F6D3C92}.Debug|Win32.ActiveCfg = Debug|x64
		{43594640-D1DC-11E1-B540-B8AC6F6D3C92}.Debug|x64.ActiveCfg = Debug|x64
		{43594640-D1DC-11E1-B540-B8AC6F6D3C92}.Release|Win32.ActiveCfg = Release|x64
		{43594640-D1DC-11E1-B540-B8AC6F6D3C92}.Release|x64.ActiveCfg = Release|x64
		{B8E34290-D1DB-11E1-9D06-B8AC6F6D3C92}.Debug|Win32.ActiveCfg = Debug|Win32
		{B8E34290-D1DB-11E1-9D06-B8AC6F6D3C92}.Debug|x64.ActiveCfg = Debug|x64
		{B8E34290-D1DB-11E1-9D06-B8AC6F6D3C92}.Release|Win32.ActiveCfg = Release|Win32
		{B8E34290-D1DB-11E1-9D06-B8AC6F6D3C92}.Release|x64.ActiveCfg = Release|x64
		{B8CCFB70-D1DB-11E1-857D-B8AC6F6D3C92}.Debug|Win32.ActiveCfg = Debug|Win32
		{B8CCFB70-D1DB-11E1-857D-B8AC6F6D3C92}.Debug|x64.ActiveCfg = Debug|x64
		{B8CCFB70-D1DB-11E1-857D-B8AC6F6D3C92}.Release|Win32.ActiveCfg = Release|Win32
		{B8CCFB70-D1DB-11E1-857D-B8AC6F6D3C92}.Release|x64.ActiveCfg = Release|x64
	EndGlobalSection
	GlobalSection(SolutionProperties) = preSolution
		HideSolutionNode = FALSE
	EndGlobalSection
EndGlobal
