Microsoft Visual Studio Solution File, Format Version 11.00
# Visual Studio 2010
VisualStudioVersion = 10
MinimumVisualStudioVersion = 10.0.40219.1
Project("{8BC9CEB8-8B4A-11D0-8D11-00A0C91BC942}") = "dll_mpir_sandybridge", "dll_mpir_sandybridge\dll_mpir_sandybridge.vcxproj", "{DEE4D7F8-D10E-4818-A03A-9073A2B97B9C}"
EndProject
Project("{8BC9CEB8-8B4A-11D0-8D11-00A0C91BC942}") = "lib_mpir_sandybridge_ivybridge", "lib_mpir_sandybridge_ivybridge\lib_mpir_sandybridge_ivybridge.vcxproj", "{EA09CF16-FF43-44DD-AEEF-E3532CDCC8AF}"
EndProject
Project("{8BC9CEB8-8B4A-11D0-8D11-00A0C91BC942}") = "dll_mpir_k8", "dll_mpir_k8\dll_mpir_k8.vcxproj", "{2627408D-D6D6-44F5-9186-06A371DF1C83}"
EndProject
Project("{8BC9CEB8-8B4A-11D0-8D11-00A0C91BC942}") = "lib_mpir_gc", "lib_mpir_gc\lib_mpir_gc.vcxproj", "{3A9035A4-ACD9-49F9-98FE-F5C55D536691}"
EndProject
Project("{8BC9CEB8-8B4A-11D0-8D11-00A0C91BC942}") = "lib_mpir_cxx", "lib_mpir_cxx\lib_mpir_cxx.vcxproj", "{ae09747f-165a-4e0d-b60c-e1de2e6361c1}"
EndProject
Project("{8BC9CEB8-8B4A-11D0-8D11-00A0C91BC942}") = "lib_mpir_core2", "lib_mpir_core2\lib_mpir_core2.vcxproj", "{3AB80480-9806-478E-A8AA-7B1797C6679A}"
EndProject
Project("{8BC9CEB8-8B4A-11D0-8D11-00A0C91BC942}") = "dll_mpir_p3", "dll_mpir_p3\dll_mpir_p3.vcxproj", "{F2AFAE1D-0AF0-4E00-BE2E-70DE8D7E5758}"
EndProject
Project("{8BC9CEB8-8B4A-11D0-8D11-00A0C91BC942}") = "dll_mpir_nehalem", "dll_mpir_nehalem\dll_mpir_nehalem.vcxproj", "{C5AA6079-C4B3-47EF-9966-09AFDB31AF80}"
EndProject
Project("{8BC9CEB8-8B4A-11D0-8D11-00A0C91BC942}") = "dll_mpir_gc", "dll_mpir_gc\dll_mpir_gc.vcxproj", "{D7EC3069-DF14-4DA1-97A4-B4277AA7A1DA}"
EndProject
Project("{8BC9CEB8-8B4A-11D0-8D11-00A0C91BC942}") = "dll_mpir_core2", "dll_mpir_core2\dll_mpir_core2.vcxproj", "{3832C08D-F211-4DF5-88A2-D29B45491512}"
EndProject
Project("{8BC9CEB8-8B4A-11D0-8D11-00A0C91BC942}") = "lib_mpir_k8", "lib_mpir_k8\lib_mpir_k8.vcxproj", "{CBB00CD8-803D-44DD-9C49-AE683177E1E1}"
EndProject
Project("{8BC9CEB8-8B4A-11D0-8D11-00A0C91BC942}") = "dll_mpir_sandybridge_ivybridge", "dll_mpir_sandybridge_ivybridge\dll_mpir_sandybridge_ivybridge.vcxproj", "{E00E6717-0823-4C7C-9A92-4E1504210D0E}"
EndProject
Project("{8BC9CEB8-8B4A-11D0-8D11-00A0C91BC942}") = "lib_mpir_p3", "lib_mpir_p3\lib_mpir_p3.vcxproj", "{FED15810-D350-4D6C-924D-F632EBD04251}"
EndProject
Project("{8BC9CEB8-8B4A-11D0-8D11-00A0C91BC942}") = "lib_mpir_nehalem", "lib_mpir_nehalem\lib_mpir_nehalem.vcxproj", "{45FDE2A4-4D51-4585-8EA4-0E989F25431A}"
EndProject
Project("{8BC9CEB8-8B4A-11D0-8D11-00A0C91BC942}") = "lib_mpir_sandybridge", "lib_mpir_sandybridge\lib_mpir_sandybridge.vcxproj", "{C2A7D6BC-AE65-4AA2-86AF-E563FFD619D4}"
EndProject
Global
    GlobalSection(SolutionConfigurationPlatforms) = preSolution
        Debug|Win32 = Debug|Win32
        Debug|x64 = Debug|x64
        Release|Win32 = Release|Win32
        Release|x64 = Release|x64
    EndGlobalSection
    GlobalSection(ProjectConfigurationPlatforms) = postSolution
        {DEE4D7F8-D10E-4818-A03A-9073A2B97B9C}.Release|Win32.ActiveCfg = Release|Win32
        {DEE4D7F8-D10E-4818-A03A-9073A2B97B9C}.Release|x64.ActiveCfg = Release|x64
        {DEE4D7F8-D10E-4818-A03A-9073A2B97B9C}.Debug|Win32.ActiveCfg = Debug|Win32
        {DEE4D7F8-D10E-4818-A03A-9073A2B97B9C}.Debug|x64.ActiveCfg = Debug|x64
        {EA09CF16-FF43-44DD-AEEF-E3532CDCC8AF}.Release|Win32.ActiveCfg = Release|Win32
        {EA09CF16-FF43-44DD-AEEF-E3532CDCC8AF}.Release|x64.ActiveCfg = Release|x64
        {EA09CF16-FF43-44DD-AEEF-E3532CDCC8AF}.Debug|Win32.ActiveCfg = Debug|Win32
        {EA09CF16-FF43-44DD-AEEF-E3532CDCC8AF}.Debug|x64.ActiveCfg = Debug|x64
        {2627408D-D6D6-44F5-9186-06A371DF1C83}.Release|Win32.ActiveCfg = Release|Win32
        {2627408D-D6D6-44F5-9186-06A371DF1C83}.Release|x64.ActiveCfg = Release|x64
        {2627408D-D6D6-44F5-9186-06A371DF1C83}.Debug|Win32.ActiveCfg = Debug|Win32
        {2627408D-D6D6-44F5-9186-06A371DF1C83}.Debug|x64.ActiveCfg = Debug|x64
        {3A9035A4-ACD9-49F9-98FE-F5C55D536691}.Release|Win32.ActiveCfg = Release|Win32
        {3A9035A4-ACD9-49F9-98FE-F5C55D536691}.Release|x64.ActiveCfg = Release|x64
        {3A9035A4-ACD9-49F9-98FE-F5C55D536691}.Debug|Win32.ActiveCfg = Debug|Win32
        {3A9035A4-ACD9-49F9-98FE-F5C55D536691}.Debug|x64.ActiveCfg = Debug|x64
        {ae09747f-165a-4e0d-b60c-e1de2e6361c1}.Release|Win32.ActiveCfg = Release|Win32
        {ae09747f-165a-4e0d-b60c-e1de2e6361c1}.Release|x64.ActiveCfg = Release|x64
        {ae09747f-165a-4e0d-b60c-e1de2e6361c1}.Debug|Win32.ActiveCfg = Debug|Win32
        {ae09747f-165a-4e0d-b60c-e1de2e6361c1}.Debug|x64.ActiveCfg = Debug|x64
        {3AB80480-9806-478E-A8AA-7B1797C6679A}.Release|Win32.ActiveCfg = Release|Win32
        {3AB80480-9806-478E-A8AA-7B1797C6679A}.Release|x64.ActiveCfg = Release|x64
        {3AB80480-9806-478E-A8AA-7B1797C6679A}.Debug|Win32.ActiveCfg = Debug|Win32
        {3AB80480-9806-478E-A8AA-7B1797C6679A}.Debug|x64.ActiveCfg = Debug|x64
        {F2AFAE1D-0AF0-4E00-BE2E-70DE8D7E5758}.Release|Win32.ActiveCfg = Release|Win32
        {F2AFAE1D-0AF0-4E00-BE2E-70DE8D7E5758}.Release|x64.ActiveCfg = Release|x64
        {F2AFAE1D-0AF0-4E00-BE2E-70DE8D7E5758}.Debug|Win32.ActiveCfg = Debug|Win32
        {F2AFAE1D-0AF0-4E00-BE2E-70DE8D7E5758}.Debug|x64.ActiveCfg = Debug|x64
        {C5AA6079-C4B3-47EF-9966-09AFDB31AF80}.Release|Win32.ActiveCfg = Release|Win32
        {C5AA6079-C4B3-47EF-9966-09AFDB31AF80}.Release|x64.ActiveCfg = Release|x64
        {C5AA6079-C4B3-47EF-9966-09AFDB31AF80}.Debug|Win32.ActiveCfg = Debug|Win32
        {C5AA6079-C4B3-47EF-9966-09AFDB31AF80}.Debug|x64.ActiveCfg = Debug|x64
        {D7EC3069-DF14-4DA1-97A4-B4277AA7A1DA}.Release|Win32.ActiveCfg = Release|Win32
        {D7EC3069-DF14-4DA1-97A4-B4277AA7A1DA}.Release|x64.ActiveCfg = Release|x64
        {D7EC3069-DF14-4DA1-97A4-B4277AA7A1DA}.Debug|Win32.ActiveCfg = Debug|Win32
        {D7EC3069-DF14-4DA1-97A4-B4277AA7A1DA}.Debug|x64.ActiveCfg = Debug|x64
        {3832C08D-F211-4DF5-88A2-D29B45491512}.Release|Win32.ActiveCfg = Release|Win32
        {3832C08D-F211-4DF5-88A2-D29B45491512}.Release|x64.ActiveCfg = Release|x64
        {3832C08D-F211-4DF5-88A2-D29B45491512}.Debug|Win32.ActiveCfg = Debug|Win32
        {3832C08D-F211-4DF5-88A2-D29B45491512}.Debug|x64.ActiveCfg = Debug|x64
        {CBB00CD8-803D-44DD-9C49-AE683177E1E1}.Release|Win32.ActiveCfg = Release|Win32
        {CBB00CD8-803D-44DD-9C49-AE683177E1E1}.Release|x64.ActiveCfg = Release|x64
        {CBB00CD8-803D-44DD-9C49-AE683177E1E1}.Debug|Win32.ActiveCfg = Debug|Win32
        {CBB00CD8-803D-44DD-9C49-AE683177E1E1}.Debug|x64.ActiveCfg = Debug|x64
        {E00E6717-0823-4C7C-9A92-4E1504210D0E}.Release|Win32.ActiveCfg = Release|Win32
        {E00E6717-0823-4C7C-9A92-4E1504210D0E}.Release|x64.ActiveCfg = Release|x64
        {E00E6717-0823-4C7C-9A92-4E1504210D0E}.Debug|Win32.ActiveCfg = Debug|Win32
        {E00E6717-0823-4C7C-9A92-4E1504210D0E}.Debug|x64.ActiveCfg = Debug|x64
        {FED15810-D350-4D6C-924D-F632EBD04251}.Release|Win32.ActiveCfg = Release|Win32
        {FED15810-D350-4D6C-924D-F632EBD04251}.Release|x64.ActiveCfg = Release|x64
        {FED15810-D350-4D6C-924D-F632EBD04251}.Debug|Win32.ActiveCfg = Debug|Win32
        {FED15810-D350-4D6C-924D-F632EBD04251}.Debug|x64.ActiveCfg = Debug|x64
        {45FDE2A4-4D51-4585-8EA4-0E989F25431A}.Release|Win32.ActiveCfg = Release|Win32
        {45FDE2A4-4D51-4585-8EA4-0E989F25431A}.Release|x64.ActiveCfg = Release|x64
        {45FDE2A4-4D51-4585-8EA4-0E989F25431A}.Debug|Win32.ActiveCfg = Debug|Win32
        {45FDE2A4-4D51-4585-8EA4-0E989F25431A}.Debug|x64.ActiveCfg = Debug|x64
        {C2A7D6BC-AE65-4AA2-86AF-E563FFD619D4}.Release|Win32.ActiveCfg = Release|Win32
        {C2A7D6BC-AE65-4AA2-86AF-E563FFD619D4}.Release|x64.ActiveCfg = Release|x64
        {C2A7D6BC-AE65-4AA2-86AF-E563FFD619D4}.Debug|Win32.ActiveCfg = Debug|Win32
        {C2A7D6BC-AE65-4AA2-86AF-E563FFD619D4}.Debug|x64.ActiveCfg = Debug|x64
    EndGlobalSection
    GlobalSection(NestedProjects) = preSolution
    EndGlobalSection
    GlobalSection(SolutionProperties) = preSolution
        HideSolutionNode = FALSE
    EndGlobalSection
EndGlobal
