Microsoft Visual Studio Solution File, Format Version 12.00
# Visual Studio 14
VisualStudioVersion = 14.0.22823.1
MinimumVisualStudioVersion = 10.0.40219.1
Project("{8BC9CEB8-8B4A-11D0-8D11-00A0C91BC942}") = "lib_mpir_sandybridge", "lib_mpir_sandybridge\lib_mpir_sandybridge.vcxproj", "{8BFD6323-F337-4F88-9308-6704AEE8A4ED}"
EndProject
Project("{8BC9CEB8-8B4A-11D0-8D11-00A0C91BC942}") = "lib_mpir_cxx", "lib_mpir_cxx\lib_mpir_cxx.vcxproj", "{909D656A-6316-4B96-B84E-8AB781D374A2}"
EndProject
Project("{8BC9CEB8-8B4A-11D0-8D11-00A0C91BC942}") = "dll_mpir_gc", "dll_mpir_gc\dll_mpir_gc.vcxproj", "{09C93EBA-BAA2-43A6-ACA1-5BC143B760A2}"
EndProject
Project("{8BC9CEB8-8B4A-11D0-8D11-00A0C91BC942}") = "lib_mpir_k8", "lib_mpir_k8\lib_mpir_k8.vcxproj", "{EC68449D-7C23-4806-9658-4F3B636355B4}"
EndProject
Project("{8BC9CEB8-8B4A-11D0-8D11-00A0C91BC942}") = "dll_mpir_sandybridge_ivybridge", "dll_mpir_sandybridge_ivybridge\dll_mpir_sandybridge_ivybridge.vcxproj", "{466424CF-8071-4F70-AA31-A07130D9C2C3}"
EndProject
Project("{8BC9CEB8-8B4A-11D0-8D11-00A0C91BC942}") = "lib_mpir_p3", "lib_mpir_p3\lib_mpir_p3.vcxproj", "{41BF6109-D1B6-4C08-88CB-2ED7A91B5278}"
EndProject
Project("{59348fde-2f50-426c-9f74-184aa069c067}") = "lib_mpir_haswell", "lib_mpir_haswell\lib_mpir_haswell.vcxproj", "{d2976f98-bdfd-417c-8e7f-6dfa75af290e}"
EndProject
Project("{8BC9CEB8-8B4A-11D0-8D11-00A0C91BC942}") = "lib_mpir_sandybridge_ivybridge", "lib_mpir_sandybridge_ivybridge\lib_mpir_sandybridge_ivybridge.vcxproj", "{5FE0CA3C-2D4A-415E-8778-2BF9EF18B651}"
EndProject
Project("{8BC9CEB8-8B4A-11D0-8D11-00A0C91BC942}") = "lib_mpir_nehalem", "lib_mpir_nehalem\lib_mpir_nehalem.vcxproj", "{D95C1D62-DADA-4D47-81C2-1CCF5FAFD3B1}"
EndProject
Project("{8BC9CEB8-8B4A-11D0-8D11-00A0C91BC942}") = "lib_mpir_gc", "lib_mpir_gc\lib_mpir_gc.vcxproj", "{496774B1-C5C3-4381-A21D-E576863FE317}"
EndProject
Project("{8BC9CEB8-8B4A-11D0-8D11-00A0C91BC942}") = "dll_mpir_k8", "dll_mpir_k8\dll_mpir_k8.vcxproj", "{AE8A2160-9FA1-48BD-8B8E-42BEDC4DD750}"
EndProject
Project("{8BC9CEB8-8B4A-11D0-8D11-00A0C91BC942}") = "lib_mpir_core2", "lib_mpir_core2\lib_mpir_core2.vcxproj", "{7A4B81CD-7B0E-401D-A2D2-D4BFDD9DE296}"
EndProject
Project("{59348fde-2f50-426c-9f74-184aa069c067}") = "dll_mpir_haswell", "dll_mpir_haswell\dll_mpir_haswell.vcxproj", "{317fb061-5e9c-4076-99eb-7308f3d8f2cf}"
EndProject
Project("{8BC9CEB8-8B4A-11D0-8D11-00A0C91BC942}") = "dll_mpir_p3", "dll_mpir_p3\dll_mpir_p3.vcxproj", "{E6F2BCD4-ACFA-4C2D-B305-FC33DEA00B90}"
EndProject
Project("{8BC9CEB8-8B4A-11D0-8D11-00A0C91BC942}") = "dll_mpir_nehalem", "dll_mpir_nehalem\dll_mpir_nehalem.vcxproj", "{8C11082B-27D0-4857-B208-DB9D6D84C25A}"
EndProject
Project("{8BC9CEB8-8B4A-11D0-8D11-00A0C91BC942}") = "dll_mpir_sandybridge", "dll_mpir_sandybridge\dll_mpir_sandybridge.vcxproj", "{31431ACF-1A4D-4C3E-A74C-A3A43BBF1B26}"
EndProject
Project("{8BC9CEB8-8B4A-11D0-8D11-00A0C91BC942}") = "dll_mpir_core2", "dll_mpir_core2\dll_mpir_core2.vcxproj", "{4D4C50E2-1E04-4659-9E27-F246BFF3E091}"
EndProject
Global
	GlobalSection(SolutionConfigurationPlatforms) = preSolution
		Debug|Win32 = Debug|Win32
		Debug|x64 = Debug|x64
		Release|Win32 = Release|Win32
		Release|x64 = Release|x64
	EndGlobalSection
	GlobalSection(SolutionProperties) = preSolution
		HideSolutionNode = FALSE
	EndGlobalSection
	GlobalSection(NestedProjects) = preSolution
	EndGlobalSection
EndGlobal
