Microsoft Visual Studio Solution File, Format Version 12.00
# Visual Studio 14
VisualStudioVersion = 14.0.22823.1
MinimumVisualStudioVersion = 10.0.40219.1
Project("{8BC9CEB8-8B4A-11D0-8D11-00A0C91BC942}") = "dll_mpir_core2_penryn", "dll_mpir_core2_penryn\dll_mpir_core2_penryn.vcxproj", "{42F8064E-9594-4582-89E1-7BC4097B7BF6}"
EndProject
Project("{59348fde-2f50-426c-9f74-184aa069c067}") = "lib_mpir_core2", "lib_mpir_core2\lib_mpir_core2.vcxproj", "{436c9513-2fae-4e88-a9bf-02808930ed2e}"
EndProject
Project("{59348fde-2f50-426c-9f74-184aa069c067}") = "dll_mpir_sandybridge", "dll_mpir_sandybridge\dll_mpir_sandybridge.vcxproj", "{9ef0d473-cc13-4e75-bc11-8de7da917e6e}"
EndProject
Project("{59348fde-2f50-426c-9f74-184aa069c067}") = "lib_mpir_sandybridge_ivybridge", "lib_mpir_sandybridge_ivybridge\lib_mpir_sandybridge_ivybridge.vcxproj", "{639afb12-4a6a-487b-a099-3c8cb0e074a5}"
EndProject
Project("{8BC9CEB8-8B4A-11D0-8D11-00A0C91BC942}") = "dll_mpir_gc", "dll_mpir_gc\dll_mpir_gc.vcxproj", "{09C93EBA-BAA2-43A6-ACA1-5BC143B760A2}"
EndProject
Project("{8BC9CEB8-8B4A-11D0-8D11-00A0C91BC942}") = "lib_mpir_p3", "lib_mpir_p3\lib_mpir_p3.vcxproj", "{41BF6109-D1B6-4C08-88CB-2ED7A91B5278}"
EndProject
Project("{59348fde-2f50-426c-9f74-184aa069c067}") = "lib_mpir_k8", "lib_mpir_k8\lib_mpir_k8.vcxproj", "{bcc9d89a-936b-4584-a3da-eefcae0c1a35}"
EndProject
Project("{59348fde-2f50-426c-9f74-184aa069c067}") = "dll_mpir_sandybridge_ivybridge", "dll_mpir_sandybridge_ivybridge\dll_mpir_sandybridge_ivybridge.vcxproj", "{bb799cef-7d25-41fe-8d67-5d24c5f117e5}"
EndProject
Project("{8BC9CEB8-8B4A-11D0-8D11-00A0C91BC942}") = "dll_mpir_p3", "dll_mpir_p3\dll_mpir_p3.vcxproj", "{E6F2BCD4-ACFA-4C2D-B305-FC33DEA00B90}"
EndProject
Project("{8BC9CEB8-8B4A-11D0-8D11-00A0C91BC942}") = "lib_mpir_haswell", "lib_mpir_haswell\lib_mpir_haswell.vcxproj", "{D6E06A8E-0B74-4D18-95BC-CB539F185574}"
EndProject
Project("{59348fde-2f50-426c-9f74-184aa069c067}") = "lib_mpir_sandybridge", "lib_mpir_sandybridge\lib_mpir_sandybridge.vcxproj", "{8da0945e-29e4-46f6-b416-97c4ece87d39}"
EndProject
Project("{8BC9CEB8-8B4A-11D0-8D11-00A0C91BC942}") = "lib_mpir_core2_penryn", "lib_mpir_core2_penryn\lib_mpir_core2_penryn.vcxproj", "{4E98B7D4-AB98-43DB-92DA-710AC08CB29B}"
EndProject
Project("{8BC9CEB8-8B4A-11D0-8D11-00A0C91BC942}") = "lib_mpir_cxx", "lib_mpir_cxx\lib_mpir_cxx.vcxproj", "{909D656A-6316-4B96-B84E-8AB781D374A2}"
EndProject
Project("{59348fde-2f50-426c-9f74-184aa069c067}") = "lib_mpir_nehalem", "lib_mpir_nehalem\lib_mpir_nehalem.vcxproj", "{2068aa8b-43bb-486e-9d9a-2ff9b25a2fcc}"
EndProject
Project("{8BC9CEB8-8B4A-11D0-8D11-00A0C91BC942}") = "lib_mpir_gc", "lib_mpir_gc\lib_mpir_gc.vcxproj", "{496774B1-C5C3-4381-A21D-E576863FE317}"
EndProject
Project("{59348fde-2f50-426c-9f74-184aa069c067}") = "dll_mpir_nehalem", "dll_mpir_nehalem\dll_mpir_nehalem.vcxproj", "{e269d2cd-5783-4253-83c5-324b263e9252}"
EndProject
Project("{8BC9CEB8-8B4A-11D0-8D11-00A0C91BC942}") = "dll_mpir_haswell", "dll_mpir_haswell\dll_mpir_haswell.vcxproj", "{720DF309-5885-40DD-920C-3006EA7F3BC0}"
EndProject
Project("{59348fde-2f50-426c-9f74-184aa069c067}") = "dll_mpir_k8", "dll_mpir_k8\dll_mpir_k8.vcxproj", "{ae8a2160-9fa1-48bd-8b8e-42bedc4dd750}"
EndProject
Project("{59348fde-2f50-426c-9f74-184aa069c067}") = "dll_mpir_core2", "dll_mpir_core2\dll_mpir_core2.vcxproj", "{79759b39-fc82-4b1d-af79-573a9c74df9d}"
EndProject
Global
	GlobalSection(SolutionConfigurationPlatforms) = preSolution
		Debug|Win32 = Debug|Win32
		Debug|x64 = Debug|x64
		Release|Win32 = Release|Win32
		Release|x64 = Release|x64
	EndGlobalSection
	GlobalSection(SolutionProperties) = preSolution
		HideSolutionNode = FALSE
	EndGlobalSection
	GlobalSection(NestedProjects) = preSolution
	EndGlobalSection
EndGlobal
