
Microsoft Visual Studio Solution File, Format Version 10.00
# Visual Studio 2008
Project("{8BC9CEB8-8B4A-11D0-8D11-00A0C91BC942}") = "divide", "divide\divide.vcproj", "{DBCBBCDF-1124-48A9-8D3D-BEFF6439DECA}"
EndProject
Project("{8BC9CEB8-8B4A-11D0-8D11-00A0C91BC942}") = "multiply", "multiply\multiply.vcproj", "{2D065F50-8DDF-4BA5-A913-550E6D6F9ED9}"
EndProject
Project("{8BC9CEB8-8B4A-11D0-8D11-00A0C91BC942}") = "rsa", "rsa\rsa.vcproj", "{0A7502E9-9286-444A-BB7F-71EEF26506B3}"
EndProject
Project("{8BC9CEB8-8B4A-11D0-8D11-00A0C91BC942}") = "mpirver", "mpirver\mpirver.vcproj", "{351E3DF9-4E47-4BE9-8F71-3C1BBD164F47}"
EndProject
Global
	GlobalSection(SolutionConfigurationPlatforms) = preSolution
		Debug|Win32 = Debug|Win32
		Debug|x64 = Debug|x64
		Release|Win32 = Release|Win32
		Release|x64 = Release|x64
	EndGlobalSection
	GlobalSection(ProjectConfigurationPlatforms) = postSolution
		{DBCBBCDF-1124-48A9-8D3D-BEFF6439DECA}.Debug|Win32.ActiveCfg = Debug|Win32
		{DBCBBCDF-1124-48A9-8D3D-BEFF6439DECA}.Debug|Win32.Build.0 = Debug|Win32
		{DBCBBCDF-1124-48A9-8D3D-BEFF6439DECA}.Debug|x64.ActiveCfg = Debug|x64
		{DBCBBCDF-1124-48A9-8D3D-BEFF6439DECA}.Debug|x64.Build.0 = Debug|x64
		{DBCBBCDF-1124-48A9-8D3D-BEFF6439DECA}.Release|Win32.ActiveCfg = Release|Win32
		{DBCBBCDF-1124-48A9-8D3D-BEFF6439DECA}.Release|Win32.Build.0 = Release|Win32
		{DBCBBCDF-1124-48A9-8D3D-BEFF6439DECA}.Release|x64.ActiveCfg = Release|x64
		{DBCBBCDF-1124-48A9-8D3D-BEFF6439DECA}.Release|x64.Build.0 = Release|x64
		{2D065F50-8DDF-4BA5-A913-550E6D6F9ED9}.Debug|Win32.ActiveCfg = Debug|Win32
		{2D065F50-8DDF-4BA5-A913-550E6D6F9ED9}.Debug|Win32.Build.0 = Debug|Win32
		{2D065F50-8DDF-4BA5-A913-550E6D6F9ED9}.Debug|x64.ActiveCfg = Debug|x64
		{2D065F50-8DDF-4BA5-A913-550E6D6F9ED9}.Debug|x64.Build.0 = Debug|x64
		{2D065F50-8DDF-4BA5-A913-550E6D6F9ED9}.Release|Win32.ActiveCfg = Release|Win32
		{2D065F50-8DDF-4BA5-A913-550E6D6F9ED9}.Release|Win32.Build.0 = Release|Win32
		{2D065F50-8DDF-4BA5-A913-550E6D6F9ED9}.Release|x64.ActiveCfg = Release|x64
		{2D065F50-8DDF-4BA5-A913-550E6D6F9ED9}.Release|x64.Build.0 = Release|x64
		{0A7502E9-9286-444A-BB7F-71EEF26506B3}.Debug|Win32.ActiveCfg = Debug|Win32
		{0A7502E9-9286-444A-BB7F-71EEF26506B3}.Debug|Win32.Build.0 = Debug|Win32
		{0A7502E9-9286-444A-BB7F-71EEF26506B3}.Debug|x64.ActiveCfg = Debug|x64
		{0A7502E9-9286-444A-BB7F-71EEF26506B3}.Debug|x64.Build.0 = Debug|x64
		{0A7502E9-9286-444A-BB7F-71EEF26506B3}.Release|Win32.ActiveCfg = Release|Win32
		{0A7502E9-9286-444A-BB7F-71EEF26506B3}.Release|Win32.Build.0 = Release|Win32
		{0A7502E9-9286-444A-BB7F-71EEF26506B3}.Release|x64.ActiveCfg = Release|x64
		{0A7502E9-9286-444A-BB7F-71EEF26506B3}.Release|x64.Build.0 = Release|x64
		{351E3DF9-4E47-4BE9-8F71-3C1BBD164F47}.Debug|Win32.ActiveCfg = Debug|Win32
		{351E3DF9-4E47-4BE9-8F71-3C1BBD164F47}.Debug|Win32.Build.0 = Debug|Win32
		{351E3DF9-4E47-4BE9-8F71-3C1BBD164F47}.Debug|x64.ActiveCfg = Debug|x64
		{351E3DF9-4E47-4BE9-8F71-3C1BBD164F47}.Debug|x64.Build.0 = Debug|x64
		{351E3DF9-4E47-4BE9-8F71-3C1BBD164F47}.Release|Win32.ActiveCfg = Release|Win32
		{351E3DF9-4E47-4BE9-8F71-3C1BBD164F47}.Release|Win32.Build.0 = Release|Win32
		{351E3DF9-4E47-4BE9-8F71-3C1BBD164F47}.Release|x64.ActiveCfg = Release|x64
		{351E3DF9-4E47-4BE9-8F71-3C1BBD164F47}.Release|x64.Build.0 = Release|x64
	EndGlobalSection
	GlobalSection(SolutionProperties) = preSolution
		HideSolutionNode = FALSE
	EndGlobalSection
EndGlobal
