<?xml version="1.0" encoding="utf-8"?>
<Project ToolsVersion="4.0" xmlns="http://schemas.microsoft.com/developer/msbuild/2003">
  <ItemGroup>
    <Filter Include="Header Files">
      <UniqueIdentifier>{93995380-89BD-4b04-88EB-625FBE52EBFB}</UniqueIdentifier>
      <Extensions>h;hpp;hxx;hm;inl;inc;xsd</Extensions>
    </Filter>
    <Filter Include="Source Files">
      <UniqueIdentifier>{4FC737F1-C7A5-4376-A066-2A32D752A2FF}</UniqueIdentifier>
      <Extensions>cpp;c;cc;cxx;def;odl;idl;hpj;bat;asm;asmx</Extensions>
    </Filter>
  </ItemGroup>
  <ItemGroup>
    <ClInclude Include="..\..\config.h">
      <Filter>Header Files</Filter>
    </ClInclude>
    <ClInclude Include="..\..\tune\speed.h">
      <Filter>Header Files</Filter>
    </ClInclude>
    <ClInclude Include="..\getopt.h">
      <Filter>Header Files</Filter>
    </ClInclude>
    <ClInclude Include="..\getrusage.h">
      <Filter>Header Files</Filter>
    </ClInclude>
    <ClInclude Include="..\gettimeofday.h">
      <Filter>Header Files</Filter>
    </ClInclude>
    <ClInclude Include="..\win_timing.h">
      <Filter>Header Files</Filter>
    </ClInclude>
  </ItemGroup>
  <ItemGroup>
    <ClCompile Include="..\..\tune\freq.c">
      <Filter>Source Files</Filter>
    </ClCompile>
    <ClCompile Include="..\..\tune\time.c">
      <Filter>Source Files</Filter>
    </ClCompile>
    <ClCompile Include="..\..\tune\common.c">
      <Filter>Source Files</Filter>
    </ClCompile>
    <ClCompile Include="..\..\tune\divrem1div.c">
      <Filter>Source Files</Filter>
    </ClCompile>
    <ClCompile Include="..\..\tune\divrem1inv.c">
      <Filter>Source Files</Filter>
    </ClCompile>
    <ClCompile Include="..\..\tune\divrem2div.c">
      <Filter>Source Files</Filter>
    </ClCompile>
    <ClCompile Include="..\..\tune\divrem2inv.c">
      <Filter>Source Files</Filter>
    </ClCompile>
    <ClCompile Include="..\..\tune\gcdextod.c">
      <Filter>Source Files</Filter>
    </ClCompile>
    <ClCompile Include="..\..\tune\gcdextos.c">
      <Filter>Source Files</Filter>
    </ClCompile>
    <ClCompile Include="..\..\tune\jacbase2.c">
      <Filter>Source Files</Filter>
    </ClCompile>
    <ClCompile Include="..\..\tune\jacbase1.c">
      <Filter>Source Files</Filter>
    </ClCompile>
    <ClCompile Include="..\..\tune\jacbase3.c">
      <Filter>Source Files</Filter>
    </ClCompile>
    <ClCompile Include="..\..\tune\mod_1_div.c">
      <Filter>Source Files</Filter>
    </ClCompile>
    <ClCompile Include="..\..\tune\mod_1_inv.c">
      <Filter>Source Files</Filter>
    </ClCompile>
    <ClCompile Include="..\..\tune\modlinv.c">
      <Filter>Source Files</Filter>
    </ClCompile>
    <ClCompile Include="..\..\tune\noop.c">
      <Filter>Source Files</Filter>
    </ClCompile>
    <ClCompile Include="..\..\tune\powm_mod.c">
      <Filter>Source Files</Filter>
    </ClCompile>
    <ClCompile Include="..\..\tune\powm_redc.c">
      <Filter>Source Files</Filter>
    </ClCompile>
    <ClCompile Include="..\..\tune\preinv_divrem_1.c">
      <Filter>Source Files</Filter>
    </ClCompile>
    <ClCompile Include="..\..\tune\set_strb.c">
      <Filter>Source Files</Filter>
    </ClCompile>
    <ClCompile Include="..\..\tune\set_strs.c">
      <Filter>Source Files</Filter>
    </ClCompile>
    <ClCompile Include="..\..\tune\set_strp.c">
      <Filter>Source Files</Filter>
    </ClCompile>
    <ClCompile Include="..\win_timing.c">
      <Filter>Source Files</Filter>
    </ClCompile>
    <ClCompile Include="..\getopt.c">
      <Filter>Source Files</Filter>
    </ClCompile>
    <ClCompile Include="..\..\tune\gcdext_double.c">
      <Filter>Source Files</Filter>
    </ClCompile>
    <ClCompile Include="..\..\tune\jacbase4.c">
      <Filter>Source Files</Filter>
    </ClCompile>
    <ClCompile Include="..\..\tune\gcdext_single.c">
      <Filter>Source Files</Filter>
    </ClCompile>
    <ClCompile Include="..\..\tune\fac_ui_small.c">
      <Filter>Source Files</Filter>
    </ClCompile>
    <ClCompile Include="..\..\tune\fac_ui_large.c">
      <Filter>Source Files</Filter>
    </ClCompile>
    <ClCompile Include="..\..\tune\hgcd_appr_lehmer.c">
      <Filter>Source Files</Filter>
    </ClCompile>
    <ClCompile Include="..\..\tune\hgcd_lehmer.c">
      <Filter>Source Files</Filter>
    </ClCompile>
    <ClCompile Include="..\..\tune\hgcd_reduce_1.c">
      <Filter>Source Files</Filter>
    </ClCompile>
    <ClCompile Include="..\..\tune\hgcd_reduce_2.c">
      <Filter>Source Files</Filter>
    </ClCompile>
  </ItemGroup>
</Project>