Microsoft Visual Studio Solution File, Format Version 12.00
# Visual Studio 2012
Project("{8BC9CEB8-8B4A-11D0-8D11-00A0C91BC942}") = "dll_mpir_core2", "dll_mpir_core2\dll_mpir_core2.vcxproj", "{1C6EA8E3-8524-46CE-A9B9-5DF0DC3E65FD}"
EndProject
Project("{8BC9CEB8-8B4A-11D0-8D11-00A0C91BC942}") = "lib_mpir_core2", "lib_mpir_core2\lib_mpir_core2.vcxproj", "{97792E1D-335A-4E0C-AE71-F8219059FB9E}"
EndProject
Project("{8BC9CEB8-8B4A-11D0-8D11-00A0C91BC942}") = "lib_mpir_cxx", "lib_mpir_cxx\lib_mpir_cxx.vcxproj", "{64616226-BA67-11E3-B58A-24FD5238C490}"
EndProject
Project("{8BC9CEB8-8B4A-11D0-8D11-00A0C91BC942}") = "lib_mpir_gc", "lib_mpir_gc\lib_mpir_gc.vcxproj", "{EF50570B-0503-4D11-B203-3AA5D4DE063A}"
EndProject
Project("{8BC9CEB8-8B4A-11D0-8D11-00A0C91BC942}") = "dll_mpir_gc", "dll_mpir_gc\dll_mpir_gc.vcxproj", "{6C855FFD-EE5E-4F5A-8C7A-3A780C5CA076}"
EndProject
Project("{8BC9CEB8-8B4A-11D0-8D11-00A0C91BC942}") = "dll_mpir_p3", "dll_mpir_p3\dll_mpir_p3.vcxproj", "{1E962E54-9C2F-4F1A-99EC-4DD5120AC36C}"
EndProject
Project("{8BC9CEB8-8B4A-11D0-8D11-00A0C91BC942}") = "lib_mpir_p3", "lib_mpir_p3\lib_mpir_p3.vcxproj", "{3E428FA7-2C07-4B3E-B6E5-CAC42D72CC50}"
EndProject
Global
	GlobalSection(SolutionConfigurationPlatforms) = preSolution
		Debug|Win32 = Debug|Win32
		Debug|x64 = Debug|x64
		Release|Win32 = Release|Win32
		Release|x64 = Release|x64
	EndGlobalSection
	GlobalSection(ProjectConfigurationPlatforms) = postSolution
		{1C6EA8E3-8524-46CE-A9B9-5DF0DC3E65FD}.Debug|Win32.ActiveCfg = Debug|x64
		{1C6EA8E3-8524-46CE-A9B9-5DF0DC3E65FD}.Debug|x64.ActiveCfg = Debug|x64
		{1C6EA8E3-8524-46CE-A9B9-5DF0DC3E65FD}.Debug|x64.Build.0 = Debug|x64
		{1C6EA8E3-8524-46CE-A9B9-5DF0DC3E65FD}.Release|Win32.ActiveCfg = Release|x64
		{1C6EA8E3-8524-46CE-A9B9-5DF0DC3E65FD}.Release|x64.ActiveCfg = Release|x64
		{1C6EA8E3-8524-46CE-A9B9-5DF0DC3E65FD}.Release|x64.Build.0 = Release|x64
		{97792E1D-335A-4E0C-AE71-F8219059FB9E}.Debug|Win32.ActiveCfg = Debug|x64
		{97792E1D-335A-4E0C-AE71-F8219059FB9E}.Debug|x64.ActiveCfg = Debug|x64
		{97792E1D-335A-4E0C-AE71-F8219059FB9E}.Debug|x64.Build.0 = Debug|x64
		{97792E1D-335A-4E0C-AE71-F8219059FB9E}.Release|Win32.ActiveCfg = Release|x64
		{97792E1D-335A-4E0C-AE71-F8219059FB9E}.Release|x64.ActiveCfg = Release|x64
		{97792E1D-335A-4E0C-AE71-F8219059FB9E}.Release|x64.Build.0 = Release|x64
		{64616226-BA67-11E3-B58A-24FD5238C490}.Debug|Win32.ActiveCfg = Debug|Win32
		{64616226-BA67-11E3-B58A-24FD5238C490}.Debug|Win32.Build.0 = Debug|Win32
		{64616226-BA67-11E3-B58A-24FD5238C490}.Debug|x64.ActiveCfg = Debug|x64
		{64616226-BA67-11E3-B58A-24FD5238C490}.Debug|x64.Build.0 = Debug|x64
		{64616226-BA67-11E3-B58A-24FD5238C490}.Release|Win32.ActiveCfg = Release|Win32
		{64616226-BA67-11E3-B58A-24FD5238C490}.Release|Win32.Build.0 = Release|Win32
		{64616226-BA67-11E3-B58A-24FD5238C490}.Release|x64.ActiveCfg = Release|x64
		{64616226-BA67-11E3-B58A-24FD5238C490}.Release|x64.Build.0 = Release|x64
		{EF50570B-0503-4D11-B203-3AA5D4DE063A}.Debug|Win32.ActiveCfg = Debug|Win32
		{EF50570B-0503-4D11-B203-3AA5D4DE063A}.Debug|Win32.Build.0 = Debug|Win32
		{EF50570B-0503-4D11-B203-3AA5D4DE063A}.Debug|x64.ActiveCfg = Debug|x64
		{EF50570B-0503-4D11-B203-3AA5D4DE063A}.Debug|x64.Build.0 = Debug|x64
		{EF50570B-0503-4D11-B203-3AA5D4DE063A}.Release|Win32.ActiveCfg = Release|Win32
		{EF50570B-0503-4D11-B203-3AA5D4DE063A}.Release|Win32.Build.0 = Release|Win32
		{EF50570B-0503-4D11-B203-3AA5D4DE063A}.Release|x64.ActiveCfg = Release|x64
		{EF50570B-0503-4D11-B203-3AA5D4DE063A}.Release|x64.Build.0 = Release|x64
		{6C855FFD-EE5E-4F5A-8C7A-3A780C5CA076}.Debug|Win32.ActiveCfg = Debug|Win32
		{6C855FFD-EE5E-4F5A-8C7A-3A780C5CA076}.Debug|Win32.Build.0 = Debug|Win32
		{6C855FFD-EE5E-4F5A-8C7A-3A780C5CA076}.Debug|x64.ActiveCfg = Debug|x64
		{6C855FFD-EE5E-4F5A-8C7A-3A780C5CA076}.Debug|x64.Build.0 = Debug|x64
		{6C855FFD-EE5E-4F5A-8C7A-3A780C5CA076}.Release|Win32.ActiveCfg = Release|Win32
		{6C855FFD-EE5E-4F5A-8C7A-3A780C5CA076}.Release|Win32.Build.0 = Release|Win32
		{6C855FFD-EE5E-4F5A-8C7A-3A780C5CA076}.Release|x64.ActiveCfg = Release|x64
		{6C855FFD-EE5E-4F5A-8C7A-3A780C5CA076}.Release|x64.Build.0 = Release|x64
		{1E962E54-9C2F-4F1A-99EC-4DD5120AC36C}.Debug|Win32.ActiveCfg = Debug|Win32
		{1E962E54-9C2F-4F1A-99EC-4DD5120AC36C}.Debug|Win32.Build.0 = Debug|Win32
		{1E962E54-9C2F-4F1A-99EC-4DD5120AC36C}.Debug|x64.ActiveCfg = Debug|Win32
		{1E962E54-9C2F-4F1A-99EC-4DD5120AC36C}.Release|Win32.ActiveCfg = Release|Win32
		{1E962E54-9C2F-4F1A-99EC-4DD5120AC36C}.Release|Win32.Build.0 = Release|Win32
		{1E962E54-9C2F-4F1A-99EC-4DD5120AC36C}.Release|x64.ActiveCfg = Release|Win32
		{3E428FA7-2C07-4B3E-B6E5-CAC42D72CC50}.Debug|Win32.ActiveCfg = Debug|Win32
		{3E428FA7-2C07-4B3E-B6E5-CAC42D72CC50}.Debug|Win32.Build.0 = Debug|Win32
		{3E428FA7-2C07-4B3E-B6E5-CAC42D72CC50}.Debug|x64.ActiveCfg = Debug|Win32
		{3E428FA7-2C07-4B3E-B6E5-CAC42D72CC50}.Release|Win32.ActiveCfg = Release|Win32
		{3E428FA7-2C07-4B3E-B6E5-CAC42D72CC50}.Release|Win32.Build.0 = Release|Win32
		{3E428FA7-2C07-4B3E-B6E5-CAC42D72CC50}.Release|x64.ActiveCfg = Release|Win32
	EndGlobalSection
	GlobalSection(SolutionProperties) = preSolution
		HideSolutionNode = FALSE
	EndGlobalSection
EndGlobal
