Microsoft Visual Studio Solution File, Format Version 12.00
# Visual Studio 2012
Project("{8BC9CEB8-8B4A-11D0-8D11-00A0C91BC942}") = "dll_mpir_core2", "dll_mpir_core2\dll_mpir_core2.vcxproj", "{40707CD8-B507-11E3-B041-24FD5238C490}"
EndProject
Project("{8BC9CEB8-8B4A-11D0-8D11-00A0C91BC942}") = "lib_mpir_core2", "lib_mpir_core2\lib_mpir_core2.vcxproj", "{4075111A-B507-11E3-B26A-24FD5238C490}"
EndProject
Project("{8BC9CEB8-8B4A-11D0-8D11-00A0C91BC942}") = "lib_mpir_cxx", "lib_mpir_cxx\lib_mpir_cxx.vcxproj", "{198F9CC0-B505-11E3-98FB-24FD5238C490}"
EndProject
Project("{8BC9CEB8-8B4A-11D0-8D11-00A0C91BC942}") = "dll_mpir_k8", "dll_mpir_k8\dll_mpir_k8.vcxproj", "{4079F388-B507-11E3-8AC8-24FD5238C490}"
EndProject
Project("{8BC9CEB8-8B4A-11D0-8D11-00A0C91BC942}") = "lib_mpir_k8", "lib_mpir_k8\lib_mpir_k8.vcxproj", "{407ED600-B507-11E3-A80D-24FD5238C490}"
EndProject
Project("{8BC9CEB8-8B4A-11D0-8D11-00A0C91BC942}") = "dll_mpir_nehalem", "dll_mpir_nehalem\dll_mpir_nehalem.vcxproj", "{40839168-B507-11E3-A934-24FD5238C490}"
EndProject
Project("{8BC9CEB8-8B4A-11D0-8D11-00A0C91BC942}") = "lib_mpir_nehalem", "lib_mpir_nehalem\lib_mpir_nehalem.vcxproj", "{4087FE9C-B507-11E3-A8E2-24FD5238C490}"
EndProject
Project("{8BC9CEB8-8B4A-11D0-8D11-00A0C91BC942}") = "lib_mpir_gc", "lib_mpir_gc\lib_mpir_gc.vcxproj", "{4061121E-B507-11E3-BD65-24FD5238C490}"
EndProject
Project("{8BC9CEB8-8B4A-11D0-8D11-00A0C91BC942}") = "dll_mpir_gc", "dll_mpir_gc\dll_mpir_gc.vcxproj", "{405A33AE-B507-11E3-B541-24FD5238C490}"
EndProject
Project("{8BC9CEB8-8B4A-11D0-8D11-00A0C91BC942}") = "dll_mpir_p3", "dll_mpir_p3\dll_mpir_p3.vcxproj", "{40675438-B507-11E3-9A0B-24FD5238C490}"
EndProject
Project("{8BC9CEB8-8B4A-11D0-8D11-00A0C91BC942}") = "lib_mpir_p3", "lib_mpir_p3\lib_mpir_p3.vcxproj", "{406BC16E-B507-11E3-906E-24FD5238C490}"
EndProject
Project("{8BC9CEB8-8B4A-11D0-8D11-00A0C91BC942}") = "dll_mpir_sandybridge", "dll_mpir_sandybridge\dll_mpir_sandybridge.vcxproj", "{408CB9FA-B507-11E3-A574-24FD5238C490}"
EndProject
Project("{8BC9CEB8-8B4A-11D0-8D11-00A0C91BC942}") = "lib_mpir_sandybridge", "lib_mpir_sandybridge\lib_mpir_sandybridge.vcxproj", "{40914E3E-B507-11E3-82E3-24FD5238C490}"
EndProject
Global
	GlobalSection(SolutionConfigurationPlatforms) = preSolution
		Debug|Win32 = Debug|Win32
		Debug|x64 = Debug|x64
		Release|Win32 = Release|Win32
		Release|x64 = Release|x64
	EndGlobalSection
	GlobalSection(ProjectConfigurationPlatforms) = postSolution
		{40707CD8-B507-11E3-B041-24FD5238C490}.Debug|Win32.ActiveCfg = Debug|x64
		{40707CD8-B507-11E3-B041-24FD5238C490}.Debug|x64.ActiveCfg = Debug|x64
		{40707CD8-B507-11E3-B041-24FD5238C490}.Debug|x64.Build.0 = Debug|x64
		{40707CD8-B507-11E3-B041-24FD5238C490}.Release|Win32.ActiveCfg = Release|x64
		{40707CD8-B507-11E3-B041-24FD5238C490}.Release|x64.ActiveCfg = Release|x64
		{40707CD8-B507-11E3-B041-24FD5238C490}.Release|x64.Build.0 = Release|x64
		{4075111A-B507-11E3-B26A-24FD5238C490}.Debug|Win32.ActiveCfg = Debug|x64
		{4075111A-B507-11E3-B26A-24FD5238C490}.Debug|x64.ActiveCfg = Debug|x64
		{4075111A-B507-11E3-B26A-24FD5238C490}.Debug|x64.Build.0 = Debug|x64
		{4075111A-B507-11E3-B26A-24FD5238C490}.Release|Win32.ActiveCfg = Release|x64
		{4075111A-B507-11E3-B26A-24FD5238C490}.Release|x64.ActiveCfg = Release|x64
		{4075111A-B507-11E3-B26A-24FD5238C490}.Release|x64.Build.0 = Release|x64
		{198F9CC0-B505-11E3-98FB-24FD5238C490}.Debug|Win32.ActiveCfg = Debug|Win32
		{198F9CC0-B505-11E3-98FB-24FD5238C490}.Debug|Win32.Build.0 = Debug|Win32
		{198F9CC0-B505-11E3-98FB-24FD5238C490}.Debug|x64.ActiveCfg = Debug|x64
		{198F9CC0-B505-11E3-98FB-24FD5238C490}.Debug|x64.Build.0 = Debug|x64
		{198F9CC0-B505-11E3-98FB-24FD5238C490}.Release|Win32.ActiveCfg = Release|Win32
		{198F9CC0-B505-11E3-98FB-24FD5238C490}.Release|Win32.Build.0 = Release|Win32
		{198F9CC0-B505-11E3-98FB-24FD5238C490}.Release|x64.ActiveCfg = Release|x64
		{198F9CC0-B505-11E3-98FB-24FD5238C490}.Release|x64.Build.0 = Release|x64
		{4079F388-B507-11E3-8AC8-24FD5238C490}.Debug|Win32.ActiveCfg = Debug|x64
		{4079F388-B507-11E3-8AC8-24FD5238C490}.Debug|x64.ActiveCfg = Debug|x64
		{4079F388-B507-11E3-8AC8-24FD5238C490}.Debug|x64.Build.0 = Debug|x64
		{4079F388-B507-11E3-8AC8-24FD5238C490}.Release|Win32.ActiveCfg = Release|x64
		{4079F388-B507-11E3-8AC8-24FD5238C490}.Release|x64.ActiveCfg = Release|x64
		{4079F388-B507-11E3-8AC8-24FD5238C490}.Release|x64.Build.0 = Release|x64
		{407ED600-B507-11E3-A80D-24FD5238C490}.Debug|Win32.ActiveCfg = Debug|x64
		{407ED600-B507-11E3-A80D-24FD5238C490}.Debug|x64.ActiveCfg = Debug|x64
		{407ED600-B507-11E3-A80D-24FD5238C490}.Debug|x64.Build.0 = Debug|x64
		{407ED600-B507-11E3-A80D-24FD5238C490}.Release|Win32.ActiveCfg = Release|x64
		{407ED600-B507-11E3-A80D-24FD5238C490}.Release|x64.ActiveCfg = Release|x64
		{407ED600-B507-11E3-A80D-24FD5238C490}.Release|x64.Build.0 = Release|x64
		{40839168-B507-11E3-A934-24FD5238C490}.Debug|Win32.ActiveCfg = Debug|x64
		{40839168-B507-11E3-A934-24FD5238C490}.Debug|x64.ActiveCfg = Debug|x64
		{40839168-B507-11E3-A934-24FD5238C490}.Debug|x64.Build.0 = Debug|x64
		{40839168-B507-11E3-A934-24FD5238C490}.Release|Win32.ActiveCfg = Release|x64
		{40839168-B507-11E3-A934-24FD5238C490}.Release|x64.ActiveCfg = Release|x64
		{40839168-B507-11E3-A934-24FD5238C490}.Release|x64.Build.0 = Release|x64
		{4087FE9C-B507-11E3-A8E2-24FD5238C490}.Debug|Win32.ActiveCfg = Debug|x64
		{4087FE9C-B507-11E3-A8E2-24FD5238C490}.Debug|x64.ActiveCfg = Debug|x64
		{4087FE9C-B507-11E3-A8E2-24FD5238C490}.Debug|x64.Build.0 = Debug|x64
		{4087FE9C-B507-11E3-A8E2-24FD5238C490}.Release|Win32.ActiveCfg = Release|x64
		{4087FE9C-B507-11E3-A8E2-24FD5238C490}.Release|x64.ActiveCfg = Release|x64
		{4087FE9C-B507-11E3-A8E2-24FD5238C490}.Release|x64.Build.0 = Release|x64
		{4061121E-B507-11E3-BD65-24FD5238C490}.Debug|Win32.ActiveCfg = Debug|Win32
		{4061121E-B507-11E3-BD65-24FD5238C490}.Debug|Win32.Build.0 = Debug|Win32
		{4061121E-B507-11E3-BD65-24FD5238C490}.Debug|x64.ActiveCfg = Debug|x64
		{4061121E-B507-11E3-BD65-24FD5238C490}.Debug|x64.Build.0 = Debug|x64
		{4061121E-B507-11E3-BD65-24FD5238C490}.Release|Win32.ActiveCfg = Release|Win32
		{4061121E-B507-11E3-BD65-24FD5238C490}.Release|Win32.Build.0 = Release|Win32
		{4061121E-B507-11E3-BD65-24FD5238C490}.Release|x64.ActiveCfg = Release|x64
		{4061121E-B507-11E3-BD65-24FD5238C490}.Release|x64.Build.0 = Release|x64
		{405A33AE-B507-11E3-B541-24FD5238C490}.Debug|Win32.ActiveCfg = Debug|Win32
		{405A33AE-B507-11E3-B541-24FD5238C490}.Debug|Win32.Build.0 = Debug|Win32
		{405A33AE-B507-11E3-B541-24FD5238C490}.Debug|x64.ActiveCfg = Debug|x64
		{405A33AE-B507-11E3-B541-24FD5238C490}.Debug|x64.Build.0 = Debug|x64
		{405A33AE-B507-11E3-B541-24FD5238C490}.Release|Win32.ActiveCfg = Release|Win32
		{405A33AE-B507-11E3-B541-24FD5238C490}.Release|Win32.Build.0 = Release|Win32
		{405A33AE-B507-11E3-B541-24FD5238C490}.Release|x64.ActiveCfg = Release|x64
		{405A33AE-B507-11E3-B541-24FD5238C490}.Release|x64.Build.0 = Release|x64
		{40675438-B507-11E3-9A0B-24FD5238C490}.Debug|Win32.ActiveCfg = Debug|Win32
		{40675438-B507-11E3-9A0B-24FD5238C490}.Debug|Win32.Build.0 = Debug|Win32
		{40675438-B507-11E3-9A0B-24FD5238C490}.Debug|x64.ActiveCfg = Debug|Win32
		{40675438-B507-11E3-9A0B-24FD5238C490}.Release|Win32.ActiveCfg = Release|Win32
		{40675438-B507-11E3-9A0B-24FD5238C490}.Release|Win32.Build.0 = Release|Win32
		{40675438-B507-11E3-9A0B-24FD5238C490}.Release|x64.ActiveCfg = Release|Win32
		{406BC16E-B507-11E3-906E-24FD5238C490}.Debug|Win32.ActiveCfg = Debug|Win32
		{406BC16E-B507-11E3-906E-24FD5238C490}.Debug|Win32.Build.0 = Debug|Win32
		{406BC16E-B507-11E3-906E-24FD5238C490}.Debug|x64.ActiveCfg = Debug|Win32
		{406BC16E-B507-11E3-906E-24FD5238C490}.Release|Win32.ActiveCfg = Release|Win32
		{406BC16E-B507-11E3-906E-24FD5238C490}.Release|Win32.Build.0 = Release|Win32
		{406BC16E-B507-11E3-906E-24FD5238C490}.Release|x64.ActiveCfg = Release|Win32
		{408CB9FA-B507-11E3-A574-24FD5238C490}.Debug|Win32.ActiveCfg = Debug|x64
		{408CB9FA-B507-11E3-A574-24FD5238C490}.Debug|x64.ActiveCfg = Debug|x64
		{408CB9FA-B507-11E3-A574-24FD5238C490}.Debug|x64.Build.0 = Debug|x64
		{408CB9FA-B507-11E3-A574-24FD5238C490}.Release|Win32.ActiveCfg = Release|x64
		{408CB9FA-B507-11E3-A574-24FD5238C490}.Release|x64.ActiveCfg = Release|x64
		{408CB9FA-B507-11E3-A574-24FD5238C490}.Release|x64.Build.0 = Release|x64
		{40914E3E-B507-11E3-82E3-24FD5238C490}.Debug|Win32.ActiveCfg = Debug|x64
		{40914E3E-B507-11E3-82E3-24FD5238C490}.Debug|x64.ActiveCfg = Debug|x64
		{40914E3E-B507-11E3-82E3-24FD5238C490}.Debug|x64.Build.0 = Debug|x64
		{40914E3E-B507-11E3-82E3-24FD5238C490}.Release|Win32.ActiveCfg = Release|x64
		{40914E3E-B507-11E3-82E3-24FD5238C490}.Release|x64.ActiveCfg = Release|x64
		{40914E3E-B507-11E3-82E3-24FD5238C490}.Release|x64.Build.0 = Release|x64
	EndGlobalSection
	GlobalSection(SolutionProperties) = preSolution
		HideSolutionNode = FALSE
	EndGlobalSection
EndGlobal
