Microsoft Visual Studio Solution File, Format Version 12.00
# Visual Studio 2013
VisualStudioVersion = 12.0.21005.1
MinimumVisualStudioVersion = 10.0.40219.1
Project("{8BC9CEB8-8B4A-11D0-8D11-00A0C91BC942}") = "dll_mpir_core2", "dll_mpir_core2\dll_mpir_core2.vcxproj", "{B1EA3FEE-B4FF-11E3-9740-24FD5238C490}"
EndProject
Project("{8BC9CEB8-8B4A-11D0-8D11-00A0C91BC942}") = "lib_mpir_core2", "lib_mpir_core2\lib_mpir_core2.vcxproj", "{B1EE8612-B4FF-11E3-B459-24FD5238C490}"
EndProject
Project("{8BC9CEB8-8B4A-11D0-8D11-00A0C91BC942}") = "lib_mpir_cxx", "lib_mpir_cxx\lib_mpir_cxx.vcxproj", "{1617E212-B4FD-11E3-9260-24FD5238C490}"
EndProject
Project("{8BC9CEB8-8B4A-11D0-8D11-00A0C91BC942}") = "dll_mpir_k8", "dll_mpir_k8\dll_mpir_k8.vcxproj", "{B1F34170-B4FF-11E3-BCAF-24FD5238C490}"
EndProject
Project("{8BC9CEB8-8B4A-11D0-8D11-00A0C91BC942}") = "lib_mpir_k8", "lib_mpir_k8\lib_mpir_k8.vcxproj", "{B1F7AEA4-B4FF-11E3-A40B-24FD5238C490}"
EndProject
Project("{8BC9CEB8-8B4A-11D0-8D11-00A0C91BC942}") = "dll_mpir_nehalem", "dll_mpir_nehalem\dll_mpir_nehalem.vcxproj", "{B1FC1BDA-B4FF-11E3-949F-24FD5238C490}"
EndProject
Project("{8BC9CEB8-8B4A-11D0-8D11-00A0C91BC942}") = "lib_mpir_nehalem", "lib_mpir_nehalem\lib_mpir_nehalem.vcxproj", "{B200B026-B4FF-11E3-85F7-24FD5238C490}"
EndProject
Project("{8BC9CEB8-8B4A-11D0-8D11-00A0C91BC942}") = "lib_mpir_gc", "lib_mpir_gc\lib_mpir_gc.vcxproj", "{B1DA11D2-B4FF-11E3-9E73-24FD5238C490}"
EndProject
Project("{8BC9CEB8-8B4A-11D0-8D11-00A0C91BC942}") = "dll_mpir_gc", "dll_mpir_gc\dll_mpir_gc.vcxproj", "{B1D3336C-B4FF-11E3-8F53-24FD5238C490}"
EndProject
Project("{8BC9CEB8-8B4A-11D0-8D11-00A0C91BC942}") = "dll_mpir_sandybridge", "dll_mpir_sandybridge\dll_mpir_sandybridge.vcxproj", "{B2059294-B4FF-11E3-BA98-24FD5238C490}"
EndProject
Project("{8BC9CEB8-8B4A-11D0-8D11-00A0C91BC942}") = "lib_mpir_sandybridge", "lib_mpir_sandybridge\lib_mpir_sandybridge.vcxproj", "{B20A26DA-B4FF-11E3-B0EB-24FD5238C490}"
EndProject
Project("{8BC9CEB8-8B4A-11D0-8D11-00A0C91BC942}") = "dll_mpir_p3", "dll_mpir_p3\dll_mpir_p3.vcxproj", "{B1E05402-B4FF-11E3-A8B3-24FD5238C490}"
EndProject
Project("{8BC9CEB8-8B4A-11D0-8D11-00A0C91BC942}") = "lib_mpir_p3", "lib_mpir_p3\lib_mpir_p3.vcxproj", "{B1E50F54-B4FF-11E3-B6B7-24FD5238C490}"
EndProject
Global
	GlobalSection(SolutionConfigurationPlatforms) = preSolution
		Debug|Win32 = Debug|Win32
		Debug|x64 = Debug|x64
		Release|Win32 = Release|Win32
		Release|x64 = Release|x64
	EndGlobalSection
	GlobalSection(ProjectConfigurationPlatforms) = postSolution
		{B1EA3FEE-B4FF-11E3-9740-24FD5238C490}.Debug|Win32.ActiveCfg = Debug|x64
		{B1EA3FEE-B4FF-11E3-9740-24FD5238C490}.Debug|x64.ActiveCfg = Debug|x64
		{B1EA3FEE-B4FF-11E3-9740-24FD5238C490}.Debug|x64.Build.0 = Debug|x64
		{B1EA3FEE-B4FF-11E3-9740-24FD5238C490}.Release|Win32.ActiveCfg = Release|x64
		{B1EA3FEE-B4FF-11E3-9740-24FD5238C490}.Release|x64.ActiveCfg = Release|x64
		{B1EA3FEE-B4FF-11E3-9740-24FD5238C490}.Release|x64.Build.0 = Release|x64
		{B1EE8612-B4FF-11E3-B459-24FD5238C490}.Debug|Win32.ActiveCfg = Debug|x64
		{B1EE8612-B4FF-11E3-B459-24FD5238C490}.Debug|x64.ActiveCfg = Debug|x64
		{B1EE8612-B4FF-11E3-B459-24FD5238C490}.Debug|x64.Build.0 = Debug|x64
		{B1EE8612-B4FF-11E3-B459-24FD5238C490}.Release|Win32.ActiveCfg = Release|x64
		{B1EE8612-B4FF-11E3-B459-24FD5238C490}.Release|x64.ActiveCfg = Release|x64
		{B1EE8612-B4FF-11E3-B459-24FD5238C490}.Release|x64.Build.0 = Release|x64
		{1617E212-B4FD-11E3-9260-24FD5238C490}.Debug|Win32.ActiveCfg = Debug|Win32
		{1617E212-B4FD-11E3-9260-24FD5238C490}.Debug|Win32.Build.0 = Debug|Win32
		{1617E212-B4FD-11E3-9260-24FD5238C490}.Debug|x64.ActiveCfg = Debug|x64
		{1617E212-B4FD-11E3-9260-24FD5238C490}.Debug|x64.Build.0 = Debug|x64
		{1617E212-B4FD-11E3-9260-24FD5238C490}.Release|Win32.ActiveCfg = Release|Win32
		{1617E212-B4FD-11E3-9260-24FD5238C490}.Release|Win32.Build.0 = Release|Win32
		{1617E212-B4FD-11E3-9260-24FD5238C490}.Release|x64.ActiveCfg = Release|x64
		{1617E212-B4FD-11E3-9260-24FD5238C490}.Release|x64.Build.0 = Release|x64
		{B1F34170-B4FF-11E3-BCAF-24FD5238C490}.Debug|Win32.ActiveCfg = Debug|x64
		{B1F34170-B4FF-11E3-BCAF-24FD5238C490}.Debug|x64.ActiveCfg = Debug|x64
		{B1F34170-B4FF-11E3-BCAF-24FD5238C490}.Debug|x64.Build.0 = Debug|x64
		{B1F34170-B4FF-11E3-BCAF-24FD5238C490}.Release|Win32.ActiveCfg = Release|x64
		{B1F34170-B4FF-11E3-BCAF-24FD5238C490}.Release|x64.ActiveCfg = Release|x64
		{B1F34170-B4FF-11E3-BCAF-24FD5238C490}.Release|x64.Build.0 = Release|x64
		{B1F7AEA4-B4FF-11E3-A40B-24FD5238C490}.Debug|Win32.ActiveCfg = Debug|x64
		{B1F7AEA4-B4FF-11E3-A40B-24FD5238C490}.Debug|x64.ActiveCfg = Debug|x64
		{B1F7AEA4-B4FF-11E3-A40B-24FD5238C490}.Debug|x64.Build.0 = Debug|x64
		{B1F7AEA4-B4FF-11E3-A40B-24FD5238C490}.Release|Win32.ActiveCfg = Release|x64
		{B1F7AEA4-B4FF-11E3-A40B-24FD5238C490}.Release|x64.ActiveCfg = Release|x64
		{B1F7AEA4-B4FF-11E3-A40B-24FD5238C490}.Release|x64.Build.0 = Release|x64
		{B1FC1BDA-B4FF-11E3-949F-24FD5238C490}.Debug|Win32.ActiveCfg = Debug|x64
		{B1FC1BDA-B4FF-11E3-949F-24FD5238C490}.Debug|x64.ActiveCfg = Debug|x64
		{B1FC1BDA-B4FF-11E3-949F-24FD5238C490}.Debug|x64.Build.0 = Debug|x64
		{B1FC1BDA-B4FF-11E3-949F-24FD5238C490}.Release|Win32.ActiveCfg = Release|x64
		{B1FC1BDA-B4FF-11E3-949F-24FD5238C490}.Release|x64.ActiveCfg = Release|x64
		{B1FC1BDA-B4FF-11E3-949F-24FD5238C490}.Release|x64.Build.0 = Release|x64
		{B200B026-B4FF-11E3-85F7-24FD5238C490}.Debug|Win32.ActiveCfg = Debug|x64
		{B200B026-B4FF-11E3-85F7-24FD5238C490}.Debug|x64.ActiveCfg = Debug|x64
		{B200B026-B4FF-11E3-85F7-24FD5238C490}.Debug|x64.Build.0 = Debug|x64
		{B200B026-B4FF-11E3-85F7-24FD5238C490}.Release|Win32.ActiveCfg = Release|x64
		{B200B026-B4FF-11E3-85F7-24FD5238C490}.Release|x64.ActiveCfg = Release|x64
		{B200B026-B4FF-11E3-85F7-24FD5238C490}.Release|x64.Build.0 = Release|x64
		{B1DA11D2-B4FF-11E3-9E73-24FD5238C490}.Debug|Win32.ActiveCfg = Debug|Win32
		{B1DA11D2-B4FF-11E3-9E73-24FD5238C490}.Debug|Win32.Build.0 = Debug|Win32
		{B1DA11D2-B4FF-11E3-9E73-24FD5238C490}.Debug|x64.ActiveCfg = Debug|x64
		{B1DA11D2-B4FF-11E3-9E73-24FD5238C490}.Debug|x64.Build.0 = Debug|x64
		{B1DA11D2-B4FF-11E3-9E73-24FD5238C490}.Release|Win32.ActiveCfg = Release|Win32
		{B1DA11D2-B4FF-11E3-9E73-24FD5238C490}.Release|Win32.Build.0 = Release|Win32
		{B1DA11D2-B4FF-11E3-9E73-24FD5238C490}.Release|x64.ActiveCfg = Release|x64
		{B1DA11D2-B4FF-11E3-9E73-24FD5238C490}.Release|x64.Build.0 = Release|x64
		{B1D3336C-B4FF-11E3-8F53-24FD5238C490}.Debug|Win32.ActiveCfg = Debug|Win32
		{B1D3336C-B4FF-11E3-8F53-24FD5238C490}.Debug|Win32.Build.0 = Debug|Win32
		{B1D3336C-B4FF-11E3-8F53-24FD5238C490}.Debug|x64.ActiveCfg = Debug|x64
		{B1D3336C-B4FF-11E3-8F53-24FD5238C490}.Debug|x64.Build.0 = Debug|x64
		{B1D3336C-B4FF-11E3-8F53-24FD5238C490}.Release|Win32.ActiveCfg = Release|Win32
		{B1D3336C-B4FF-11E3-8F53-24FD5238C490}.Release|Win32.Build.0 = Release|Win32
		{B1D3336C-B4FF-11E3-8F53-24FD5238C490}.Release|x64.ActiveCfg = Release|x64
		{B1D3336C-B4FF-11E3-8F53-24FD5238C490}.Release|x64.Build.0 = Release|x64
		{B2059294-B4FF-11E3-BA98-24FD5238C490}.Debug|Win32.ActiveCfg = Debug|x64
		{B2059294-B4FF-11E3-BA98-24FD5238C490}.Debug|x64.ActiveCfg = Debug|x64
		{B2059294-B4FF-11E3-BA98-24FD5238C490}.Debug|x64.Build.0 = Debug|x64
		{B2059294-B4FF-11E3-BA98-24FD5238C490}.Release|Win32.ActiveCfg = Release|x64
		{B2059294-B4FF-11E3-BA98-24FD5238C490}.Release|x64.ActiveCfg = Release|x64
		{B2059294-B4FF-11E3-BA98-24FD5238C490}.Release|x64.Build.0 = Release|x64
		{B20A26DA-B4FF-11E3-B0EB-24FD5238C490}.Debug|Win32.ActiveCfg = Debug|x64
		{B20A26DA-B4FF-11E3-B0EB-24FD5238C490}.Debug|x64.ActiveCfg = Debug|x64
		{B20A26DA-B4FF-11E3-B0EB-24FD5238C490}.Debug|x64.Build.0 = Debug|x64
		{B20A26DA-B4FF-11E3-B0EB-24FD5238C490}.Release|Win32.ActiveCfg = Release|x64
		{B20A26DA-B4FF-11E3-B0EB-24FD5238C490}.Release|x64.ActiveCfg = Release|x64
		{B20A26DA-B4FF-11E3-B0EB-24FD5238C490}.Release|x64.Build.0 = Release|x64
		{B1E05402-B4FF-11E3-A8B3-24FD5238C490}.Debug|Win32.ActiveCfg = Debug|Win32
		{B1E05402-B4FF-11E3-A8B3-24FD5238C490}.Debug|Win32.Build.0 = Debug|Win32
		{B1E05402-B4FF-11E3-A8B3-24FD5238C490}.Debug|x64.ActiveCfg = Debug|Win32
		{B1E05402-B4FF-11E3-A8B3-24FD5238C490}.Release|Win32.ActiveCfg = Release|Win32
		{B1E05402-B4FF-11E3-A8B3-24FD5238C490}.Release|Win32.Build.0 = Release|Win32
		{B1E05402-B4FF-11E3-A8B3-24FD5238C490}.Release|x64.ActiveCfg = Release|Win32
		{B1E50F54-B4FF-11E3-B6B7-24FD5238C490}.Debug|Win32.ActiveCfg = Debug|Win32
		{B1E50F54-B4FF-11E3-B6B7-24FD5238C490}.Debug|Win32.Build.0 = Debug|Win32
		{B1E50F54-B4FF-11E3-B6B7-24FD5238C490}.Debug|x64.ActiveCfg = Debug|Win32
		{B1E50F54-B4FF-11E3-B6B7-24FD5238C490}.Release|Win32.ActiveCfg = Release|Win32
		{B1E50F54-B4FF-11E3-B6B7-24FD5238C490}.Release|Win32.Build.0 = Release|Win32
		{B1E50F54-B4FF-11E3-B6B7-24FD5238C490}.Release|x64.ActiveCfg = Release|Win32
	EndGlobalSection
	GlobalSection(SolutionProperties) = preSolution
		HideSolutionNode = FALSE
	EndGlobalSection
EndGlobal
