Microsoft Visual Studio Solution File, Format Version 12.00
# Visual Studio 2013
VisualStudioVersion = 12.0.31101.0
MinimumVisualStudioVersion = 10.0.40219.1
Project("{8BC9CEB8-8B4A-11D0-8D11-00A0C91BC942}") = "lib_mpir_nehalem_p", "lib_mpir_nehalem\lib_mpir_nehalem_p.vcxproj", "{0C1068B3-2F52-4B79-A355-40E07FFBFDDD}"
EndProject
Project("{8BC9CEB8-8B4A-11D0-8D11-00A0C91BC942}") = "dll_mpir_p3_p", "dll_mpir_p3\dll_mpir_p3_p.vcxproj", "{83DB8CE3-E795-4027-BF68-56CFE19D2772}"
EndProject
Project("{8BC9CEB8-8B4A-11D0-8D11-00A0C91BC942}") = "lib_mpir_cxx_p", "lib_mpir_cxx\lib_mpir_cxx_p.vcxproj", "{D6399FCD-7864-4F71-AAC4-58E120CBE89C}"
EndProject
Project("{8BC9CEB8-8B4A-11D0-8D11-00A0C91BC942}") = "lib_mpir_core2_p", "lib_mpir_core2\lib_mpir_core2_p.vcxproj", "{DCF102C3-9C18-4F80-BB01-F7B5DD4A92F1}"
EndProject
Project("{8BC9CEB8-8B4A-11D0-8D11-00A0C91BC942}") = "dll_mpir_gc_p", "dll_mpir_gc\dll_mpir_gc_p.vcxproj", "{FFB3C07B-9F03-4EC5-9D36-72201F8DAB85}"
EndProject
Project("{8BC9CEB8-8B4A-11D0-8D11-00A0C91BC942}") = "lib_mpir_gc_p", "lib_mpir_gc\lib_mpir_gc_p.vcxproj", "{D68645AB-7121-4574-8C5B-495E1E9D6E90}"
EndProject
Project("{8BC9CEB8-8B4A-11D0-8D11-00A0C91BC942}") = "lib_mpir_sandybridge_p", "lib_mpir_sandybridge\lib_mpir_sandybridge_p.vcxproj", "{100372C9-64FF-416E-A643-333D40FF9D5E}"
EndProject
Project("{8BC9CEB8-8B4A-11D0-8D11-00A0C91BC942}") = "lib_mpir_k8_p", "lib_mpir_k8\lib_mpir_k8_p.vcxproj", "{0894E38F-3281-4047-A2CB-5C86D396ED44}"
EndProject
Project("{8BC9CEB8-8B4A-11D0-8D11-00A0C91BC942}") = "dll_mpir_core2_p", "dll_mpir_core2\dll_mpir_core2_p.vcxproj", "{BD56571F-1F50-4088-AA0B-BF6741861FB0}"
EndProject
Project("{8BC9CEB8-8B4A-11D0-8D11-00A0C91BC942}") = "dll_mpir_k8_p", "dll_mpir_k8\dll_mpir_k8_p.vcxproj", "{74F7B4D1-6E30-45B2-89F6-3408D28134DE}"
EndProject
Project("{8BC9CEB8-8B4A-11D0-8D11-00A0C91BC942}") = "dll_mpir_sandybridge_p", "dll_mpir_sandybridge\dll_mpir_sandybridge_p.vcxproj", "{AD799E92-A438-4E54-A990-AEADB8B2B130}"
EndProject
Project("{8BC9CEB8-8B4A-11D0-8D11-00A0C91BC942}") = "lib_mpir_p3_p", "lib_mpir_p3\lib_mpir_p3_p.vcxproj", "{C654974D-D494-4359-801D-CE4E9E664F46}"
EndProject
Project("{8BC9CEB8-8B4A-11D0-8D11-00A0C91BC942}") = "dll_mpir_nehalem_p", "dll_mpir_nehalem\dll_mpir_nehalem_p.vcxproj", "{FF49A27D-AA3A-4CB2-915B-049BEABFF214}"
EndProject
Global
	GlobalSection(SolutionConfigurationPlatforms) = preSolution
		Debug|Win32 = Debug|Win32
		Debug|x64 = Debug|x64
		Release|Win32 = Release|Win32
		Release|x64 = Release|x64
	EndGlobalSection
	GlobalSection(ProjectConfigurationPlatforms) = postSolution
		{0C1068B3-2F52-4B79-A355-40E07FFBFDDD}.Debug|Win32.ActiveCfg = Debug|x64
		{0C1068B3-2F52-4B79-A355-40E07FFBFDDD}.Debug|x64.ActiveCfg = Debug|x64
		{0C1068B3-2F52-4B79-A355-40E07FFBFDDD}.Debug|x64.Build.0 = Debug|x64
		{0C1068B3-2F52-4B79-A355-40E07FFBFDDD}.Release|Win32.ActiveCfg = Release|x64
		{0C1068B3-2F52-4B79-A355-40E07FFBFDDD}.Release|x64.ActiveCfg = Release|x64
		{0C1068B3-2F52-4B79-A355-40E07FFBFDDD}.Release|x64.Build.0 = Release|x64
		{83DB8CE3-E795-4027-BF68-56CFE19D2772}.Debug|Win32.ActiveCfg = Debug|Win32
		{83DB8CE3-E795-4027-BF68-56CFE19D2772}.Debug|Win32.Build.0 = Debug|Win32
		{83DB8CE3-E795-4027-BF68-56CFE19D2772}.Debug|x64.ActiveCfg = Debug|Win32
		{83DB8CE3-E795-4027-BF68-56CFE19D2772}.Release|Win32.ActiveCfg = Release|Win32
		{83DB8CE3-E795-4027-BF68-56CFE19D2772}.Release|Win32.Build.0 = Release|Win32
		{83DB8CE3-E795-4027-BF68-56CFE19D2772}.Release|x64.ActiveCfg = Release|Win32
		{D6399FCD-7864-4F71-AAC4-58E120CBE89C}.Debug|Win32.ActiveCfg = Debug|Win32
		{D6399FCD-7864-4F71-AAC4-58E120CBE89C}.Debug|Win32.Build.0 = Debug|Win32
		{D6399FCD-7864-4F71-AAC4-58E120CBE89C}.Debug|x64.ActiveCfg = Debug|x64
		{D6399FCD-7864-4F71-AAC4-58E120CBE89C}.Debug|x64.Build.0 = Debug|x64
		{D6399FCD-7864-4F71-AAC4-58E120CBE89C}.Release|Win32.ActiveCfg = Release|Win32
		{D6399FCD-7864-4F71-AAC4-58E120CBE89C}.Release|Win32.Build.0 = Release|Win32
		{D6399FCD-7864-4F71-AAC4-58E120CBE89C}.Release|x64.ActiveCfg = Release|x64
		{D6399FCD-7864-4F71-AAC4-58E120CBE89C}.Release|x64.Build.0 = Release|x64
		{DCF102C3-9C18-4F80-BB01-F7B5DD4A92F1}.Debug|Win32.ActiveCfg = Debug|x64
		{DCF102C3-9C18-4F80-BB01-F7B5DD4A92F1}.Debug|x64.ActiveCfg = Debug|x64
		{DCF102C3-9C18-4F80-BB01-F7B5DD4A92F1}.Debug|x64.Build.0 = Debug|x64
		{DCF102C3-9C18-4F80-BB01-F7B5DD4A92F1}.Release|Win32.ActiveCfg = Release|x64
		{DCF102C3-9C18-4F80-BB01-F7B5DD4A92F1}.Release|x64.ActiveCfg = Release|x64
		{DCF102C3-9C18-4F80-BB01-F7B5DD4A92F1}.Release|x64.Build.0 = Release|x64
		{FFB3C07B-9F03-4EC5-9D36-72201F8DAB85}.Debug|Win32.ActiveCfg = Debug|Win32
		{FFB3C07B-9F03-4EC5-9D36-72201F8DAB85}.Debug|Win32.Build.0 = Debug|Win32
		{FFB3C07B-9F03-4EC5-9D36-72201F8DAB85}.Debug|x64.ActiveCfg = Debug|x64
		{FFB3C07B-9F03-4EC5-9D36-72201F8DAB85}.Debug|x64.Build.0 = Debug|x64
		{FFB3C07B-9F03-4EC5-9D36-72201F8DAB85}.Release|Win32.ActiveCfg = Release|Win32
		{FFB3C07B-9F03-4EC5-9D36-72201F8DAB85}.Release|Win32.Build.0 = Release|Win32
		{FFB3C07B-9F03-4EC5-9D36-72201F8DAB85}.Release|x64.ActiveCfg = Release|x64
		{FFB3C07B-9F03-4EC5-9D36-72201F8DAB85}.Release|x64.Build.0 = Release|x64
		{D68645AB-7121-4574-8C5B-495E1E9D6E90}.Debug|Win32.ActiveCfg = Debug|Win32
		{D68645AB-7121-4574-8C5B-495E1E9D6E90}.Debug|Win32.Build.0 = Debug|Win32
		{D68645AB-7121-4574-8C5B-495E1E9D6E90}.Debug|x64.ActiveCfg = Debug|x64
		{D68645AB-7121-4574-8C5B-495E1E9D6E90}.Debug|x64.Build.0 = Debug|x64
		{D68645AB-7121-4574-8C5B-495E1E9D6E90}.Release|Win32.ActiveCfg = Release|Win32
		{D68645AB-7121-4574-8C5B-495E1E9D6E90}.Release|Win32.Build.0 = Release|Win32
		{D68645AB-7121-4574-8C5B-495E1E9D6E90}.Release|x64.ActiveCfg = Release|x64
		{D68645AB-7121-4574-8C5B-495E1E9D6E90}.Release|x64.Build.0 = Release|x64
		{100372C9-64FF-416E-A643-333D40FF9D5E}.Debug|Win32.ActiveCfg = Debug|x64
		{100372C9-64FF-416E-A643-333D40FF9D5E}.Debug|x64.ActiveCfg = Debug|x64
		{100372C9-64FF-416E-A643-333D40FF9D5E}.Debug|x64.Build.0 = Debug|x64
		{100372C9-64FF-416E-A643-333D40FF9D5E}.Release|Win32.ActiveCfg = Release|x64
		{100372C9-64FF-416E-A643-333D40FF9D5E}.Release|x64.ActiveCfg = Release|x64
		{100372C9-64FF-416E-A643-333D40FF9D5E}.Release|x64.Build.0 = Release|x64
		{0894E38F-3281-4047-A2CB-5C86D396ED44}.Debug|Win32.ActiveCfg = Debug|x64
		{0894E38F-3281-4047-A2CB-5C86D396ED44}.Debug|x64.ActiveCfg = Debug|x64
		{0894E38F-3281-4047-A2CB-5C86D396ED44}.Debug|x64.Build.0 = Debug|x64
		{0894E38F-3281-4047-A2CB-5C86D396ED44}.Release|Win32.ActiveCfg = Release|x64
		{0894E38F-3281-4047-A2CB-5C86D396ED44}.Release|x64.ActiveCfg = Release|x64
		{0894E38F-3281-4047-A2CB-5C86D396ED44}.Release|x64.Build.0 = Release|x64
		{BD56571F-1F50-4088-AA0B-BF6741861FB0}.Debug|Win32.ActiveCfg = Debug|x64
		{BD56571F-1F50-4088-AA0B-BF6741861FB0}.Debug|x64.ActiveCfg = Debug|x64
		{BD56571F-1F50-4088-AA0B-BF6741861FB0}.Debug|x64.Build.0 = Debug|x64
		{BD56571F-1F50-4088-AA0B-BF6741861FB0}.Release|Win32.ActiveCfg = Release|x64
		{BD56571F-1F50-4088-AA0B-BF6741861FB0}.Release|x64.ActiveCfg = Release|x64
		{BD56571F-1F50-4088-AA0B-BF6741861FB0}.Release|x64.Build.0 = Release|x64
		{74F7B4D1-6E30-45B2-89F6-3408D28134DE}.Debug|Win32.ActiveCfg = Debug|x64
		{74F7B4D1-6E30-45B2-89F6-3408D28134DE}.Debug|x64.ActiveCfg = Debug|x64
		{74F7B4D1-6E30-45B2-89F6-3408D28134DE}.Debug|x64.Build.0 = Debug|x64
		{74F7B4D1-6E30-45B2-89F6-3408D28134DE}.Release|Win32.ActiveCfg = Release|x64
		{74F7B4D1-6E30-45B2-89F6-3408D28134DE}.Release|x64.ActiveCfg = Release|x64
		{74F7B4D1-6E30-45B2-89F6-3408D28134DE}.Release|x64.Build.0 = Release|x64
		{AD799E92-A438-4E54-A990-AEADB8B2B130}.Debug|Win32.ActiveCfg = Debug|x64
		{AD799E92-A438-4E54-A990-AEADB8B2B130}.Debug|x64.ActiveCfg = Debug|x64
		{AD799E92-A438-4E54-A990-AEADB8B2B130}.Debug|x64.Build.0 = Debug|x64
		{AD799E92-A438-4E54-A990-AEADB8B2B130}.Release|Win32.ActiveCfg = Release|x64
		{AD799E92-A438-4E54-A990-AEADB8B2B130}.Release|x64.ActiveCfg = Release|x64
		{AD799E92-A438-4E54-A990-AEADB8B2B130}.Release|x64.Build.0 = Release|x64
		{C654974D-D494-4359-801D-CE4E9E664F46}.Debug|Win32.ActiveCfg = Debug|Win32
		{C654974D-D494-4359-801D-CE4E9E664F46}.Debug|Win32.Build.0 = Debug|Win32
		{C654974D-D494-4359-801D-CE4E9E664F46}.Debug|x64.ActiveCfg = Debug|Win32
		{C654974D-D494-4359-801D-CE4E9E664F46}.Release|Win32.ActiveCfg = Release|Win32
		{C654974D-D494-4359-801D-CE4E9E664F46}.Release|Win32.Build.0 = Release|Win32
		{C654974D-D494-4359-801D-CE4E9E664F46}.Release|x64.ActiveCfg = Release|Win32
		{FF49A27D-AA3A-4CB2-915B-049BEABFF214}.Debug|Win32.ActiveCfg = Debug|x64
		{FF49A27D-AA3A-4CB2-915B-049BEABFF214}.Debug|x64.ActiveCfg = Debug|x64
		{FF49A27D-AA3A-4CB2-915B-049BEABFF214}.Debug|x64.Build.0 = Debug|x64
		{FF49A27D-AA3A-4CB2-915B-049BEABFF214}.Release|Win32.ActiveCfg = Release|x64
		{FF49A27D-AA3A-4CB2-915B-049BEABFF214}.Release|x64.ActiveCfg = Release|x64
		{FF49A27D-AA3A-4CB2-915B-049BEABFF214}.Release|x64.Build.0 = Release|x64
	EndGlobalSection
	GlobalSection(SolutionProperties) = preSolution
		HideSolutionNode = FALSE
	EndGlobalSection
EndGlobal
