Microsoft Visual Studio Solution File, Format Version 12.00
# Visual Studio 2013
VisualStudioVersion = 12.0.21005.1
MinimumVisualStudioVersion = 10.0.40219.1
Project("{8BC9CEB8-8B4A-11D0-8D11-00A0C91BC942}") = "dll_mpir_core2", "dll_mpir_core2\dll_mpir_core2.vcxproj", "{9A94B080-B5A0-11E3-A359-24FD5238C490}"
EndProject
Project("{8BC9CEB8-8B4A-11D0-8D11-00A0C91BC942}") = "lib_mpir_core2", "lib_mpir_core2\lib_mpir_core2.vcxproj", "{9A9B40C6-B5A0-11E3-BBAA-24FD5238C490}"
EndProject
Project("{8BC9CEB8-8B4A-11D0-8D11-00A0C91BC942}") = "lib_mpir_cxx", "lib_mpir_cxx\lib_mpir_cxx.vcxproj", "{9AC75DD2-B5A0-11E3-A904-24FD5238C490}"
EndProject
Project("{8BC9CEB8-8B4A-11D0-8D11-00A0C91BC942}") = "dll_mpir_k8", "dll_mpir_k8\dll_mpir_k8.vcxproj", "{9AA15BD2-B5A0-11E3-ADF0-24FD5238C490}"
EndProject
Project("{8BC9CEB8-8B4A-11D0-8D11-00A0C91BC942}") = "lib_mpir_k8", "lib_mpir_k8\lib_mpir_k8.vcxproj", "{9AA5F01E-B5A0-11E3-A356-24FD5238C490}"
EndProject
Project("{8BC9CEB8-8B4A-11D0-8D11-00A0C91BC942}") = "dll_mpir_nehalem", "dll_mpir_nehalem\dll_mpir_nehalem.vcxproj", "{9AAAD28C-B5A0-11E3-81E6-24FD5238C490}"
EndProject
Project("{8BC9CEB8-8B4A-11D0-8D11-00A0C91BC942}") = "lib_mpir_nehalem", "lib_mpir_nehalem\lib_mpir_nehalem.vcxproj", "{9AB162D4-B5A0-11E3-987E-24FD5238C490}"
EndProject
Project("{8BC9CEB8-8B4A-11D0-8D11-00A0C91BC942}") = "lib_mpir_gc", "lib_mpir_gc\lib_mpir_gc.vcxproj", "{9A7C6B58-B5A0-11E3-89E4-24FD5238C490}"
EndProject
Project("{8BC9CEB8-8B4A-11D0-8D11-00A0C91BC942}") = "dll_mpir_gc", "dll_mpir_gc\dll_mpir_gc.vcxproj", "{9A74F0A6-B5A0-11E3-BB93-24FD5238C490}"
EndProject
Project("{8BC9CEB8-8B4A-11D0-8D11-00A0C91BC942}") = "dll_mpir_sandybridge", "dll_mpir_sandybridge\dll_mpir_sandybridge.vcxproj", "{9AB9C80C-B5A0-11E3-A062-24FD5238C490}"
EndProject
Project("{8BC9CEB8-8B4A-11D0-8D11-00A0C91BC942}") = "lib_mpir_sandybridge", "lib_mpir_sandybridge\lib_mpir_sandybridge.vcxproj", "{9AC0F4A4-B5A0-11E3-BC53-24FD5238C490}"
EndProject
Project("{8BC9CEB8-8B4A-11D0-8D11-00A0C91BC942}") = "dll_mpir_p3", "dll_mpir_p3\dll_mpir_p3.vcxproj", "{9A84D08C-B5A0-11E3-BC3A-24FD5238C490}"
EndProject
Project("{8BC9CEB8-8B4A-11D0-8D11-00A0C91BC942}") = "lib_mpir_p3", "lib_mpir_p3\lib_mpir_p3.vcxproj", "{9A8C4B48-B5A0-11E3-803C-24FD5238C490}"
EndProject
Global
	GlobalSection(SolutionConfigurationPlatforms) = preSolution
		Debug|Win32 = Debug|Win32
		Debug|x64 = Debug|x64
		Release|Win32 = Release|Win32
		Release|x64 = Release|x64
	EndGlobalSection
	GlobalSection(ProjectConfigurationPlatforms) = postSolution
		{9A94B080-B5A0-11E3-A359-24FD5238C490}.Debug|Win32.ActiveCfg = Debug|x64
		{9A94B080-B5A0-11E3-A359-24FD5238C490}.Debug|x64.ActiveCfg = Debug|x64
		{9A94B080-B5A0-11E3-A359-24FD5238C490}.Debug|x64.Build.0 = Debug|x64
		{9A94B080-B5A0-11E3-A359-24FD5238C490}.Release|Win32.ActiveCfg = Release|x64
		{9A94B080-B5A0-11E3-A359-24FD5238C490}.Release|x64.ActiveCfg = Release|x64
		{9A94B080-B5A0-11E3-A359-24FD5238C490}.Release|x64.Build.0 = Release|x64
		{9A9B40C6-B5A0-11E3-BBAA-24FD5238C490}.Debug|Win32.ActiveCfg = Debug|x64
		{9A9B40C6-B5A0-11E3-BBAA-24FD5238C490}.Debug|x64.ActiveCfg = Debug|x64
		{9A9B40C6-B5A0-11E3-BBAA-24FD5238C490}.Debug|x64.Build.0 = Debug|x64
		{9A9B40C6-B5A0-11E3-BBAA-24FD5238C490}.Release|Win32.ActiveCfg = Release|x64
		{9A9B40C6-B5A0-11E3-BBAA-24FD5238C490}.Release|x64.ActiveCfg = Release|x64
		{9A9B40C6-B5A0-11E3-BBAA-24FD5238C490}.Release|x64.Build.0 = Release|x64
		{9AC75DD2-B5A0-11E3-A904-24FD5238C490}.Debug|Win32.ActiveCfg = Debug|Win32
		{9AC75DD2-B5A0-11E3-A904-24FD5238C490}.Debug|Win32.Build.0 = Debug|Win32
		{9AC75DD2-B5A0-11E3-A904-24FD5238C490}.Debug|x64.ActiveCfg = Debug|x64
		{9AC75DD2-B5A0-11E3-A904-24FD5238C490}.Debug|x64.Build.0 = Debug|x64
		{9AC75DD2-B5A0-11E3-A904-24FD5238C490}.Release|Win32.ActiveCfg = Release|Win32
		{9AC75DD2-B5A0-11E3-A904-24FD5238C490}.Release|Win32.Build.0 = Release|Win32
		{9AC75DD2-B5A0-11E3-A904-24FD5238C490}.Release|x64.ActiveCfg = Release|x64
		{9AC75DD2-B5A0-11E3-A904-24FD5238C490}.Release|x64.Build.0 = Release|x64
		{9AA15BD2-B5A0-11E3-ADF0-24FD5238C490}.Debug|Win32.ActiveCfg = Debug|x64
		{9AA15BD2-B5A0-11E3-ADF0-24FD5238C490}.Debug|x64.ActiveCfg = Debug|x64
		{9AA15BD2-B5A0-11E3-ADF0-24FD5238C490}.Debug|x64.Build.0 = Debug|x64
		{9AA15BD2-B5A0-11E3-ADF0-24FD5238C490}.Release|Win32.ActiveCfg = Release|x64
		{9AA15BD2-B5A0-11E3-ADF0-24FD5238C490}.Release|x64.ActiveCfg = Release|x64
		{9AA15BD2-B5A0-11E3-ADF0-24FD5238C490}.Release|x64.Build.0 = Release|x64
		{9AA5F01E-B5A0-11E3-A356-24FD5238C490}.Debug|Win32.ActiveCfg = Debug|x64
		{9AA5F01E-B5A0-11E3-A356-24FD5238C490}.Debug|x64.ActiveCfg = Debug|x64
		{9AA5F01E-B5A0-11E3-A356-24FD5238C490}.Debug|x64.Build.0 = Debug|x64
		{9AA5F01E-B5A0-11E3-A356-24FD5238C490}.Release|Win32.ActiveCfg = Release|x64
		{9AA5F01E-B5A0-11E3-A356-24FD5238C490}.Release|x64.ActiveCfg = Release|x64
		{9AA5F01E-B5A0-11E3-A356-24FD5238C490}.Release|x64.Build.0 = Release|x64
		{9AAAD28C-B5A0-11E3-81E6-24FD5238C490}.Debug|Win32.ActiveCfg = Debug|x64
		{9AAAD28C-B5A0-11E3-81E6-24FD5238C490}.Debug|x64.ActiveCfg = Debug|x64
		{9AAAD28C-B5A0-11E3-81E6-24FD5238C490}.Debug|x64.Build.0 = Debug|x64
		{9AAAD28C-B5A0-11E3-81E6-24FD5238C490}.Release|Win32.ActiveCfg = Release|x64
		{9AAAD28C-B5A0-11E3-81E6-24FD5238C490}.Release|x64.ActiveCfg = Release|x64
		{9AAAD28C-B5A0-11E3-81E6-24FD5238C490}.Release|x64.Build.0 = Release|x64
		{9AB162D4-B5A0-11E3-987E-24FD5238C490}.Debug|Win32.ActiveCfg = Debug|x64
		{9AB162D4-B5A0-11E3-987E-24FD5238C490}.Debug|x64.ActiveCfg = Debug|x64
		{9AB162D4-B5A0-11E3-987E-24FD5238C490}.Debug|x64.Build.0 = Debug|x64
		{9AB162D4-B5A0-11E3-987E-24FD5238C490}.Release|Win32.ActiveCfg = Release|x64
		{9AB162D4-B5A0-11E3-987E-24FD5238C490}.Release|x64.ActiveCfg = Release|x64
		{9AB162D4-B5A0-11E3-987E-24FD5238C490}.Release|x64.Build.0 = Release|x64
		{9A7C6B58-B5A0-11E3-89E4-24FD5238C490}.Debug|Win32.ActiveCfg = Debug|Win32
		{9A7C6B58-B5A0-11E3-89E4-24FD5238C490}.Debug|Win32.Build.0 = Debug|Win32
		{9A7C6B58-B5A0-11E3-89E4-24FD5238C490}.Debug|x64.ActiveCfg = Debug|x64
		{9A7C6B58-B5A0-11E3-89E4-24FD5238C490}.Debug|x64.Build.0 = Debug|x64
		{9A7C6B58-B5A0-11E3-89E4-24FD5238C490}.Release|Win32.ActiveCfg = Release|Win32
		{9A7C6B58-B5A0-11E3-89E4-24FD5238C490}.Release|Win32.Build.0 = Release|Win32
		{9A7C6B58-B5A0-11E3-89E4-24FD5238C490}.Release|x64.ActiveCfg = Release|x64
		{9A7C6B58-B5A0-11E3-89E4-24FD5238C490}.Release|x64.Build.0 = Release|x64
		{9A74F0A6-B5A0-11E3-BB93-24FD5238C490}.Debug|Win32.ActiveCfg = Debug|Win32
		{9A74F0A6-B5A0-11E3-BB93-24FD5238C490}.Debug|Win32.Build.0 = Debug|Win32
		{9A74F0A6-B5A0-11E3-BB93-24FD5238C490}.Debug|x64.ActiveCfg = Debug|x64
		{9A74F0A6-B5A0-11E3-BB93-24FD5238C490}.Debug|x64.Build.0 = Debug|x64
		{9A74F0A6-B5A0-11E3-BB93-24FD5238C490}.Release|Win32.ActiveCfg = Release|Win32
		{9A74F0A6-B5A0-11E3-BB93-24FD5238C490}.Release|Win32.Build.0 = Release|Win32
		{9A74F0A6-B5A0-11E3-BB93-24FD5238C490}.Release|x64.ActiveCfg = Release|x64
		{9A74F0A6-B5A0-11E3-BB93-24FD5238C490}.Release|x64.Build.0 = Release|x64
		{9AB9C80C-B5A0-11E3-A062-24FD5238C490}.Debug|Win32.ActiveCfg = Debug|x64
		{9AB9C80C-B5A0-11E3-A062-24FD5238C490}.Debug|x64.ActiveCfg = Debug|x64
		{9AB9C80C-B5A0-11E3-A062-24FD5238C490}.Debug|x64.Build.0 = Debug|x64
		{9AB9C80C-B5A0-11E3-A062-24FD5238C490}.Release|Win32.ActiveCfg = Release|x64
		{9AB9C80C-B5A0-11E3-A062-24FD5238C490}.Release|x64.ActiveCfg = Release|x64
		{9AB9C80C-B5A0-11E3-A062-24FD5238C490}.Release|x64.Build.0 = Release|x64
		{9AC0F4A4-B5A0-11E3-BC53-24FD5238C490}.Debug|Win32.ActiveCfg = Debug|x64
		{9AC0F4A4-B5A0-11E3-BC53-24FD5238C490}.Debug|x64.ActiveCfg = Debug|x64
		{9AC0F4A4-B5A0-11E3-BC53-24FD5238C490}.Debug|x64.Build.0 = Debug|x64
		{9AC0F4A4-B5A0-11E3-BC53-24FD5238C490}.Release|Win32.ActiveCfg = Release|x64
		{9AC0F4A4-B5A0-11E3-BC53-24FD5238C490}.Release|x64.ActiveCfg = Release|x64
		{9AC0F4A4-B5A0-11E3-BC53-24FD5238C490}.Release|x64.Build.0 = Release|x64
		{9A84D08C-B5A0-11E3-BC3A-24FD5238C490}.Debug|Win32.ActiveCfg = Debug|Win32
		{9A84D08C-B5A0-11E3-BC3A-24FD5238C490}.Debug|Win32.Build.0 = Debug|Win32
		{9A84D08C-B5A0-11E3-BC3A-24FD5238C490}.Debug|x64.ActiveCfg = Debug|Win32
		{9A84D08C-B5A0-11E3-BC3A-24FD5238C490}.Release|Win32.ActiveCfg = Release|Win32
		{9A84D08C-B5A0-11E3-BC3A-24FD5238C490}.Release|Win32.Build.0 = Release|Win32
		{9A84D08C-B5A0-11E3-BC3A-24FD5238C490}.Release|x64.ActiveCfg = Release|Win32
		{9A8C4B48-B5A0-11E3-803C-24FD5238C490}.Debug|Win32.ActiveCfg = Debug|Win32
		{9A8C4B48-B5A0-11E3-803C-24FD5238C490}.Debug|Win32.Build.0 = Debug|Win32
		{9A8C4B48-B5A0-11E3-803C-24FD5238C490}.Debug|x64.ActiveCfg = Debug|Win32
		{9A8C4B48-B5A0-11E3-803C-24FD5238C490}.Release|Win32.ActiveCfg = Release|Win32
		{9A8C4B48-B5A0-11E3-803C-24FD5238C490}.Release|Win32.Build.0 = Release|Win32
		{9A8C4B48-B5A0-11E3-803C-24FD5238C490}.Release|x64.ActiveCfg = Release|Win32
	EndGlobalSection
	GlobalSection(SolutionProperties) = preSolution
		HideSolutionNode = FALSE
	EndGlobalSection
EndGlobal
