Microsoft Visual Studio Solution File, Format Version 12.00
# Visual Studio 2013
VisualStudioVersion = 12.0.40629.0
MinimumVisualStudioVersion = 10.0.40219.1
Project("{8BC9CEB8-8B4A-11D0-8D11-00A0C91BC942}") = "lib_mpir_nehalem", "lib_mpir_nehalem\lib_mpir_nehalem.vcxproj", "{AB936E5F-3BF2-44E1-8309-E4E73776BD8A}"
EndProject
Project("{8BC9CEB8-8B4A-11D0-8D11-00A0C91BC942}") = "dll_mpir_p3", "dll_mpir_p3\dll_mpir_p3.vcxproj", "{8D55C96D-8458-40DF-8CAE-A269824B29C3}"
EndProject
Project("{8BC9CEB8-8B4A-11D0-8D11-00A0C91BC942}") = "lib_mpir_cxx", "lib_mpir_cxx\lib_mpir_cxx.vcxproj", "{D6399FCD-7864-4F71-AAC4-58E120CBE89C}"
EndProject
Project("{8BC9CEB8-8B4A-11D0-8D11-00A0C91BC942}") = "lib_mpir_core2", "lib_mpir_core2\lib_mpir_core2.vcxproj", "{C30824F6-8900-45C5-ACBA-63EEDF6A3055}"
EndProject
Project("{8BC9CEB8-8B4A-11D0-8D11-00A0C91BC942}") = "dll_mpir_gc", "dll_mpir_gc\dll_mpir_gc.vcxproj", "{0F808861-2FDC-4324-A035-0498F65E06AF}"
EndProject
Project("{8BC9CEB8-8B4A-11D0-8D11-00A0C91BC942}") = "lib_mpir_gc", "lib_mpir_gc\lib_mpir_gc.vcxproj", "{203B8A8E-B3D3-4C75-8048-230DB449363B}"
EndProject
Project("{8BC9CEB8-8B4A-11D0-8D11-00A0C91BC942}") = "lib_mpir_sandybridge", "lib_mpir_sandybridge\lib_mpir_sandybridge.vcxproj", "{6D43C56D-D20C-4287-B15B-06D86E9796B3}"
EndProject
Project("{8BC9CEB8-8B4A-11D0-8D11-00A0C91BC942}") = "lib_mpir_k8", "lib_mpir_k8\lib_mpir_k8.vcxproj", "{2CF7B25C-90C4-4FA3-9771-EABEAE7B7D0B}"
EndProject
Project("{8BC9CEB8-8B4A-11D0-8D11-00A0C91BC942}") = "dll_mpir_core2", "dll_mpir_core2\dll_mpir_core2.vcxproj", "{B28A58CA-94A2-4EE4-9996-B07BDFDCAC33}"
EndProject
Project("{8BC9CEB8-8B4A-11D0-8D11-00A0C91BC942}") = "dll_mpir_k8", "dll_mpir_k8\dll_mpir_k8.vcxproj", "{7739011C-4B3E-497F-87EC-DB92DFBD8B0B}"
EndProject
Project("{8BC9CEB8-8B4A-11D0-8D11-00A0C91BC942}") = "dll_mpir_sandybridge", "dll_mpir_sandybridge\dll_mpir_sandybridge.vcxproj", "{68E0A45F-2E22-435A-A1CC-F61D93BB44CA}"
EndProject
Project("{8BC9CEB8-8B4A-11D0-8D11-00A0C91BC942}") = "lib_mpir_p3", "lib_mpir_p3\lib_mpir_p3.vcxproj", "{A62CCBCD-EC33-4D8B-BF47-EAAD592647AD}"
EndProject
Project("{8BC9CEB8-8B4A-11D0-8D11-00A0C91BC942}") = "dll_mpir_nehalem", "dll_mpir_nehalem\dll_mpir_nehalem.vcxproj", "{2CBEBE8F-CB91-4AB0-B4FF-EA55F0FCAD95}"
EndProject
Global
	GlobalSection(SolutionConfigurationPlatforms) = preSolution
		Debug|Win32 = Debug|Win32
		Debug|x64 = Debug|x64
		Release|Win32 = Release|Win32
		Release|x64 = Release|x64
	EndGlobalSection
	GlobalSection(ProjectConfigurationPlatforms) = postSolution
		{AB936E5F-3BF2-44E1-8309-E4E73776BD8A}.Debug|Win32.ActiveCfg = Debug|x64
		{AB936E5F-3BF2-44E1-8309-E4E73776BD8A}.Debug|x64.ActiveCfg = Debug|x64
		{AB936E5F-3BF2-44E1-8309-E4E73776BD8A}.Debug|x64.Build.0 = Debug|x64
		{AB936E5F-3BF2-44E1-8309-E4E73776BD8A}.Release|Win32.ActiveCfg = Release|x64
		{AB936E5F-3BF2-44E1-8309-E4E73776BD8A}.Release|x64.ActiveCfg = Release|x64
		{AB936E5F-3BF2-44E1-8309-E4E73776BD8A}.Release|x64.Build.0 = Release|x64
		{8D55C96D-8458-40DF-8CAE-A269824B29C3}.Debug|Win32.ActiveCfg = Debug|Win32
		{8D55C96D-8458-40DF-8CAE-A269824B29C3}.Debug|Win32.Build.0 = Debug|Win32
		{8D55C96D-8458-40DF-8CAE-A269824B29C3}.Debug|x64.ActiveCfg = Debug|Win32
		{8D55C96D-8458-40DF-8CAE-A269824B29C3}.Release|Win32.ActiveCfg = Release|Win32
		{8D55C96D-8458-40DF-8CAE-A269824B29C3}.Release|Win32.Build.0 = Release|Win32
		{8D55C96D-8458-40DF-8CAE-A269824B29C3}.Release|x64.ActiveCfg = Release|Win32
		{D6399FCD-7864-4F71-AAC4-58E120CBE89C}.Debug|Win32.ActiveCfg = Debug|Win32
		{D6399FCD-7864-4F71-AAC4-58E120CBE89C}.Debug|Win32.Build.0 = Debug|Win32
		{D6399FCD-7864-4F71-AAC4-58E120CBE89C}.Debug|x64.ActiveCfg = Debug|x64
		{D6399FCD-7864-4F71-AAC4-58E120CBE89C}.Debug|x64.Build.0 = Debug|x64
		{D6399FCD-7864-4F71-AAC4-58E120CBE89C}.Release|Win32.ActiveCfg = Release|Win32
		{D6399FCD-7864-4F71-AAC4-58E120CBE89C}.Release|Win32.Build.0 = Release|Win32
		{D6399FCD-7864-4F71-AAC4-58E120CBE89C}.Release|x64.ActiveCfg = Release|x64
		{D6399FCD-7864-4F71-AAC4-58E120CBE89C}.Release|x64.Build.0 = Release|x64
		{C30824F6-8900-45C5-ACBA-63EEDF6A3055}.Debug|Win32.ActiveCfg = Debug|x64
		{C30824F6-8900-45C5-ACBA-63EEDF6A3055}.Debug|x64.ActiveCfg = Debug|x64
		{C30824F6-8900-45C5-ACBA-63EEDF6A3055}.Debug|x64.Build.0 = Debug|x64
		{C30824F6-8900-45C5-ACBA-63EEDF6A3055}.Release|Win32.ActiveCfg = Release|x64
		{C30824F6-8900-45C5-ACBA-63EEDF6A3055}.Release|x64.ActiveCfg = Release|x64
		{C30824F6-8900-45C5-ACBA-63EEDF6A3055}.Release|x64.Build.0 = Release|x64
		{0F808861-2FDC-4324-A035-0498F65E06AF}.Debug|Win32.ActiveCfg = Debug|Win32
		{0F808861-2FDC-4324-A035-0498F65E06AF}.Debug|Win32.Build.0 = Debug|Win32
		{0F808861-2FDC-4324-A035-0498F65E06AF}.Debug|x64.ActiveCfg = Debug|x64
		{0F808861-2FDC-4324-A035-0498F65E06AF}.Debug|x64.Build.0 = Debug|x64
		{0F808861-2FDC-4324-A035-0498F65E06AF}.Release|Win32.ActiveCfg = Release|Win32
		{0F808861-2FDC-4324-A035-0498F65E06AF}.Release|Win32.Build.0 = Release|Win32
		{0F808861-2FDC-4324-A035-0498F65E06AF}.Release|x64.ActiveCfg = Release|x64
		{0F808861-2FDC-4324-A035-0498F65E06AF}.Release|x64.Build.0 = Release|x64
		{203B8A8E-B3D3-4C75-8048-230DB449363B}.Debug|Win32.ActiveCfg = Debug|Win32
		{203B8A8E-B3D3-4C75-8048-230DB449363B}.Debug|Win32.Build.0 = Debug|Win32
		{203B8A8E-B3D3-4C75-8048-230DB449363B}.Debug|x64.ActiveCfg = Debug|x64
		{203B8A8E-B3D3-4C75-8048-230DB449363B}.Debug|x64.Build.0 = Debug|x64
		{203B8A8E-B3D3-4C75-8048-230DB449363B}.Release|Win32.ActiveCfg = Release|Win32
		{203B8A8E-B3D3-4C75-8048-230DB449363B}.Release|Win32.Build.0 = Release|Win32
		{203B8A8E-B3D3-4C75-8048-230DB449363B}.Release|x64.ActiveCfg = Release|x64
		{203B8A8E-B3D3-4C75-8048-230DB449363B}.Release|x64.Build.0 = Release|x64
		{6D43C56D-D20C-4287-B15B-06D86E9796B3}.Debug|Win32.ActiveCfg = Debug|x64
		{6D43C56D-D20C-4287-B15B-06D86E9796B3}.Debug|x64.ActiveCfg = Debug|x64
		{6D43C56D-D20C-4287-B15B-06D86E9796B3}.Debug|x64.Build.0 = Debug|x64
		{6D43C56D-D20C-4287-B15B-06D86E9796B3}.Release|Win32.ActiveCfg = Release|x64
		{6D43C56D-D20C-4287-B15B-06D86E9796B3}.Release|x64.ActiveCfg = Release|x64
		{6D43C56D-D20C-4287-B15B-06D86E9796B3}.Release|x64.Build.0 = Release|x64
		{2CF7B25C-90C4-4FA3-9771-EABEAE7B7D0B}.Debug|Win32.ActiveCfg = Debug|x64
		{2CF7B25C-90C4-4FA3-9771-EABEAE7B7D0B}.Debug|x64.ActiveCfg = Debug|x64
		{2CF7B25C-90C4-4FA3-9771-EABEAE7B7D0B}.Debug|x64.Build.0 = Debug|x64
		{2CF7B25C-90C4-4FA3-9771-EABEAE7B7D0B}.Release|Win32.ActiveCfg = Release|x64
		{2CF7B25C-90C4-4FA3-9771-EABEAE7B7D0B}.Release|x64.ActiveCfg = Release|x64
		{2CF7B25C-90C4-4FA3-9771-EABEAE7B7D0B}.Release|x64.Build.0 = Release|x64
		{B28A58CA-94A2-4EE4-9996-B07BDFDCAC33}.Debug|Win32.ActiveCfg = Debug|x64
		{B28A58CA-94A2-4EE4-9996-B07BDFDCAC33}.Debug|x64.ActiveCfg = Debug|x64
		{B28A58CA-94A2-4EE4-9996-B07BDFDCAC33}.Debug|x64.Build.0 = Debug|x64
		{B28A58CA-94A2-4EE4-9996-B07BDFDCAC33}.Release|Win32.ActiveCfg = Release|x64
		{B28A58CA-94A2-4EE4-9996-B07BDFDCAC33}.Release|x64.ActiveCfg = Release|x64
		{B28A58CA-94A2-4EE4-9996-B07BDFDCAC33}.Release|x64.Build.0 = Release|x64
		{7739011C-4B3E-497F-87EC-DB92DFBD8B0B}.Debug|Win32.ActiveCfg = Debug|x64
		{7739011C-4B3E-497F-87EC-DB92DFBD8B0B}.Debug|x64.ActiveCfg = Debug|x64
		{7739011C-4B3E-497F-87EC-DB92DFBD8B0B}.Debug|x64.Build.0 = Debug|x64
		{7739011C-4B3E-497F-87EC-DB92DFBD8B0B}.Release|Win32.ActiveCfg = Release|x64
		{7739011C-4B3E-497F-87EC-DB92DFBD8B0B}.Release|x64.ActiveCfg = Release|x64
		{7739011C-4B3E-497F-87EC-DB92DFBD8B0B}.Release|x64.Build.0 = Release|x64
		{68E0A45F-2E22-435A-A1CC-F61D93BB44CA}.Debug|Win32.ActiveCfg = Debug|x64
		{68E0A45F-2E22-435A-A1CC-F61D93BB44CA}.Debug|x64.ActiveCfg = Debug|x64
		{68E0A45F-2E22-435A-A1CC-F61D93BB44CA}.Debug|x64.Build.0 = Debug|x64
		{68E0A45F-2E22-435A-A1CC-F61D93BB44CA}.Release|Win32.ActiveCfg = Release|x64
		{68E0A45F-2E22-435A-A1CC-F61D93BB44CA}.Release|x64.ActiveCfg = Release|x64
		{68E0A45F-2E22-435A-A1CC-F61D93BB44CA}.Release|x64.Build.0 = Release|x64
		{A62CCBCD-EC33-4D8B-BF47-EAAD592647AD}.Debug|Win32.ActiveCfg = Debug|Win32
		{A62CCBCD-EC33-4D8B-BF47-EAAD592647AD}.Debug|Win32.Build.0 = Debug|Win32
		{A62CCBCD-EC33-4D8B-BF47-EAAD592647AD}.Debug|x64.ActiveCfg = Debug|Win32
		{A62CCBCD-EC33-4D8B-BF47-EAAD592647AD}.Release|Win32.ActiveCfg = Release|Win32
		{A62CCBCD-EC33-4D8B-BF47-EAAD592647AD}.Release|Win32.Build.0 = Release|Win32
		{A62CCBCD-EC33-4D8B-BF47-EAAD592647AD}.Release|x64.ActiveCfg = Release|Win32
		{2CBEBE8F-CB91-4AB0-B4FF-EA55F0FCAD95}.Debug|Win32.ActiveCfg = Debug|x64
		{2CBEBE8F-CB91-4AB0-B4FF-EA55F0FCAD95}.Debug|x64.ActiveCfg = Debug|x64
		{2CBEBE8F-CB91-4AB0-B4FF-EA55F0FCAD95}.Debug|x64.Build.0 = Debug|x64
		{2CBEBE8F-CB91-4AB0-B4FF-EA55F0FCAD95}.Release|Win32.ActiveCfg = Release|x64
		{2CBEBE8F-CB91-4AB0-B4FF-EA55F0FCAD95}.Release|x64.ActiveCfg = Release|x64
		{2CBEBE8F-CB91-4AB0-B4FF-EA55F0FCAD95}.Release|x64.Build.0 = Release|x64
	EndGlobalSection
	GlobalSection(SolutionProperties) = preSolution
		HideSolutionNode = FALSE
	EndGlobalSection
EndGlobal
