
Microsoft Visual Studio Solution File, Format Version 12.00
# Visual Studio 15
VisualStudioVersion = 14.0.24720.0
MinimumVisualStudioVersion = 10.0.40219.1
Project("{8BC9CEB8-8B4A-11D0-8D11-00A0C91BC942}") = "lib_mpir_cxx", "lib_mpir_cxx\lib_mpir_cxx.vcxproj", "{6AA894FE-FFA3-4830-8B2F-E5EF87FA07F9}"
EndProject
Project("{8BC9CEB8-8B4A-11D0-8D11-00A0C91BC942}") = "dll_mpir_gc", "dll_mpir_gc\dll_mpir_gc.vcxproj", "{F7309E89-0DE2-4343-A564-E3DE7730A32E}"
EndProject
Project("{8BC9CEB8-8B4A-11D0-8D11-00A0C91BC942}") = "lib_mpir_gc", "lib_mpir_gc\lib_mpir_gc.vcxproj", "{5A360D9F-9C7D-452D-9634-63CB4DB57D6D}"
EndProject
Project("{8BC9CEB8-8B4A-11D0-8D11-00A0C91BC942}") = "dll_mpir_p6", "dll_mpir_p6\dll_mpir_p6.vcxproj", "{2D8A50A2-394B-4E4F-92F1-9383C2EAF28F}"
EndProject
Project("{8BC9CEB8-8B4A-11D0-8D11-00A0C91BC942}") = "lib_mpir_p6", "lib_mpir_p6\lib_mpir_p6.vcxproj", "{292DE0DA-3891-465C-B3A7-C123C76F6BB8}"
EndProject
Project("{8BC9CEB8-8B4A-11D0-8D11-00A0C91BC942}") = "dll_mpir_core2", "dll_mpir_core2\dll_mpir_core2.vcxproj", "{EED586F9-74AE-48F7-BD90-10C5781F7ADD}"
EndProject
Project("{8BC9CEB8-8B4A-11D0-8D11-00A0C91BC942}") = "lib_mpir_core2", "lib_mpir_core2\lib_mpir_core2.vcxproj", "{796D2C88-B558-44EA-93AB-EE5CEF1BBCA8}"
EndProject
Project("{8BC9CEB8-8B4A-11D0-8D11-00A0C91BC942}") = "dll_mpir_p6_p3mmx", "dll_mpir_p6_p3mmx\dll_mpir_p6_p3mmx.vcxproj", "{D34091B4-7310-48C8-97F9-B0511DCB1FF9}"
EndProject
Project("{8BC9CEB8-8B4A-11D0-8D11-00A0C91BC942}") = "lib_mpir_p6_p3mmx", "lib_mpir_p6_p3mmx\lib_mpir_p6_p3mmx.vcxproj", "{45B3B9DA-3B20-4251-A794-2D73D047602C}"
EndProject
Project("{8BC9CEB8-8B4A-11D0-8D11-00A0C91BC942}") = "dll_mpir_bulldozer", "dll_mpir_bulldozer\dll_mpir_bulldozer.vcxproj", "{E7CD77BC-B670-495C-91FC-8446FB17176C}"
EndProject
Project("{8BC9CEB8-8B4A-11D0-8D11-00A0C91BC942}") = "lib_mpir_bulldozer", "lib_mpir_bulldozer\lib_mpir_bulldozer.vcxproj", "{2624A49D-842B-4A53-BB1B-B945CE2D8550}"
EndProject
Global
	GlobalSection(SolutionConfigurationPlatforms) = preSolution
		Debug|Win32 = Debug|Win32
		Debug|x64 = Debug|x64
		Release|Win32 = Release|Win32
		Release|x64 = Release|x64
	EndGlobalSection
	GlobalSection(ProjectConfigurationPlatforms) = postSolution
		{6AA894FE-FFA3-4830-8B2F-E5EF87FA07F9}.Release|Win32.ActiveCfg = Release|Win32
		{6AA894FE-FFA3-4830-8B2F-E5EF87FA07F9}.Release|x64.ActiveCfg = Release|x64
		{6AA894FE-FFA3-4830-8B2F-E5EF87FA07F9}.Debug|Win32.ActiveCfg = Debug|Win32
		{6AA894FE-FFA3-4830-8B2F-E5EF87FA07F9}.Debug|x64.ActiveCfg = Debug|x64
		{F7309E89-0DE2-4343-A564-E3DE7730A32E}.Release|Win32.ActiveCfg = Release|Win32
		{F7309E89-0DE2-4343-A564-E3DE7730A32E}.Release|x64.ActiveCfg = Release|x64
		{F7309E89-0DE2-4343-A564-E3DE7730A32E}.Debug|Win32.ActiveCfg = Debug|Win32
		{F7309E89-0DE2-4343-A564-E3DE7730A32E}.Debug|x64.ActiveCfg = Debug|x64
		{5A360D9F-9C7D-452D-9634-63CB4DB57D6D}.Release|Win32.ActiveCfg = Release|Win32
		{5A360D9F-9C7D-452D-9634-63CB4DB57D6D}.Release|x64.ActiveCfg = Release|x64
		{5A360D9F-9C7D-452D-9634-63CB4DB57D6D}.Debug|Win32.ActiveCfg = Debug|Win32
		{5A360D9F-9C7D-452D-9634-63CB4DB57D6D}.Debug|x64.ActiveCfg = Debug|x64
		{2D8A50A2-394B-4E4F-92F1-9383C2EAF28F}.Release|Win32.ActiveCfg = Release|Win32
		{2D8A50A2-394B-4E4F-92F1-9383C2EAF28F}.Release|x64.ActiveCfg = Release|x64
		{2D8A50A2-394B-4E4F-92F1-9383C2EAF28F}.Debug|Win32.ActiveCfg = Debug|Win32
		{2D8A50A2-394B-4E4F-92F1-9383C2EAF28F}.Debug|x64.ActiveCfg = Debug|x64
		{292DE0DA-3891-465C-B3A7-C123C76F6BB8}.Release|Win32.ActiveCfg = Release|Win32
		{292DE0DA-3891-465C-B3A7-C123C76F6BB8}.Release|x64.ActiveCfg = Release|x64
		{292DE0DA-3891-465C-B3A7-C123C76F6BB8}.Debug|Win32.ActiveCfg = Debug|Win32
		{292DE0DA-3891-465C-B3A7-C123C76F6BB8}.Debug|x64.ActiveCfg = Debug|x64
		{EED586F9-74AE-48F7-BD90-10C5781F7ADD}.Release|Win32.ActiveCfg = Release|Win32
		{EED586F9-74AE-48F7-BD90-10C5781F7ADD}.Release|x64.ActiveCfg = Release|x64
		{EED586F9-74AE-48F7-BD90-10C5781F7ADD}.Debug|Win32.ActiveCfg = Debug|Win32
		{EED586F9-74AE-48F7-BD90-10C5781F7ADD}.Debug|x64.ActiveCfg = Debug|x64
		{796D2C88-B558-44EA-93AB-EE5CEF1BBCA8}.Release|Win32.ActiveCfg = Release|Win32
		{796D2C88-B558-44EA-93AB-EE5CEF1BBCA8}.Release|x64.ActiveCfg = Release|x64
		{796D2C88-B558-44EA-93AB-EE5CEF1BBCA8}.Debug|Win32.ActiveCfg = Debug|Win32
		{796D2C88-B558-44EA-93AB-EE5CEF1BBCA8}.Debug|x64.ActiveCfg = Debug|x64
		{D34091B4-7310-48C8-97F9-B0511DCB1FF9}.Release|Win32.ActiveCfg = Release|Win32
		{D34091B4-7310-48C8-97F9-B0511DCB1FF9}.Release|x64.ActiveCfg = Release|x64
		{D34091B4-7310-48C8-97F9-B0511DCB1FF9}.Debug|Win32.ActiveCfg = Debug|Win32
		{D34091B4-7310-48C8-97F9-B0511DCB1FF9}.Debug|x64.ActiveCfg = Debug|x64
		{45B3B9DA-3B20-4251-A794-2D73D047602C}.Release|Win32.ActiveCfg = Release|Win32
		{45B3B9DA-3B20-4251-A794-2D73D047602C}.Release|x64.ActiveCfg = Release|x64
		{45B3B9DA-3B20-4251-A794-2D73D047602C}.Debug|Win32.ActiveCfg = Debug|Win32
		{45B3B9DA-3B20-4251-A794-2D73D047602C}.Debug|x64.ActiveCfg = Debug|x64
		{E7CD77BC-B670-495C-91FC-8446FB17176C}.Release|Win32.ActiveCfg = Release|Win32
		{E7CD77BC-B670-495C-91FC-8446FB17176C}.Release|x64.ActiveCfg = Release|x64
		{E7CD77BC-B670-495C-91FC-8446FB17176C}.Debug|Win32.ActiveCfg = Debug|Win32
		{E7CD77BC-B670-495C-91FC-8446FB17176C}.Debug|x64.ActiveCfg = Debug|x64
		{2624A49D-842B-4A53-BB1B-B945CE2D8550}.Release|Win32.ActiveCfg = Release|Win32
		{2624A49D-842B-4A53-BB1B-B945CE2D8550}.Release|x64.ActiveCfg = Release|x64
		{2624A49D-842B-4A53-BB1B-B945CE2D8550}.Debug|Win32.ActiveCfg = Debug|Win32
		{2624A49D-842B-4A53-BB1B-B945CE2D8550}.Debug|x64.ActiveCfg = Debug|x64
	EndGlobalSection
	GlobalSection(SolutionProperties) = preSolution
		HideSolutionNode = FALSE
	EndGlobalSection
EndGlobal
