Microsoft Visual Studio Solution File, Format Version 12.00
# Visual Studio 15
VisualStudioVersion = 15.0.27130.2027
MinimumVisualStudioVersion = 10.0.40219.1
Project("{8BC9CEB8-8B4A-11D0-8D11-00A0C91BC942}") = "dll_mpir_skylake_avx", "dll_mpir_skylake_avx\dll_mpir_skylake_avx.vcxproj", "{F4D1BF1B-A4AF-4B25-839A-66BF59838326}"
EndProject
Project("{8BC9CEB8-8B4A-11D0-8D11-00A0C91BC942}") = "lib_mpir_skylake_avx", "lib_mpir_skylake_avx\lib_mpir_skylake_avx.vcxproj", "{9DE5D517-52BA-4344-8470-9C9CF7CFB17C}"
EndProject
Project("{8BC9CEB8-8B4A-11D0-8D11-00A0C91BC942}") = "lib_mpir_cxx", "lib_mpir_cxx\lib_mpir_cxx.vcxproj", "{B265237A-08C6-4BC3-A582-2B480F27C987}"
EndProject
Global
	GlobalSection(SolutionConfigurationPlatforms) = preSolution
		Debug|Win32 = Debug|Win32
		Debug|x64 = Debug|x64
		Release|Win32 = Release|Win32
		Release|x64 = Release|x64
	EndGlobalSection
	GlobalSection(ProjectConfigurationPlatforms) = postSolution
		{F4D1BF1B-A4AF-4B25-839A-66BF59838326}.Debug|Win32.ActiveCfg = Debug|x64
		{F4D1BF1B-A4AF-4B25-839A-66BF59838326}.Debug|x64.ActiveCfg = Debug|x64
		{F4D1BF1B-A4AF-4B25-839A-66BF59838326}.Release|Win32.ActiveCfg = Release|x64
		{F4D1BF1B-A4AF-4B25-839A-66BF59838326}.Release|x64.ActiveCfg = Release|x64
		{9DE5D517-52BA-4344-8470-9C9CF7CFB17C}.Debug|Win32.ActiveCfg = Debug|x64
		{9DE5D517-52BA-4344-8470-9C9CF7CFB17C}.Debug|x64.ActiveCfg = Debug|x64
		{9DE5D517-52BA-4344-8470-9C9CF7CFB17C}.Release|Win32.ActiveCfg = Release|x64
		{9DE5D517-52BA-4344-8470-9C9CF7CFB17C}.Release|x64.ActiveCfg = Release|x64
		{B265237A-08C6-4BC3-A582-2B480F27C987}.Debug|Win32.ActiveCfg = Debug|Win32
		{B265237A-08C6-4BC3-A582-2B480F27C987}.Debug|x64.ActiveCfg = Debug|x64
		{B265237A-08C6-4BC3-A582-2B480F27C987}.Release|Win32.ActiveCfg = Release|Win32
		{B265237A-08C6-4BC3-A582-2B480F27C987}.Release|x64.ActiveCfg = Release|x64
	EndGlobalSection
	GlobalSection(SolutionProperties) = preSolution
		HideSolutionNode = FALSE
	EndGlobalSection
	GlobalSection(ExtensibilityGlobals) = postSolution
		SolutionGuid = {AB22205A-AF10-4948-85FD-1D4E640BBE76}
	EndGlobalSection
EndGlobal
