
Microsoft Visual Studio Solution File, Format Version 12.00
# Visual Studio 13
Project("{8BC9CEB8-8B4A-11D0-8D11-00A0C91BC942}") = "lib_mpir_cxx", "lib_mpir_cxx\lib_mpir_cxx.vcxproj", "{2EB1C177-099F-4923-A507-9D0EC4FE6060}"
EndProject
Project("{8BC9CEB8-8B4A-11D0-8D11-00A0C91BC942}") = "dll_mpir_gc", "dll_mpir_gc\dll_mpir_gc.vcxproj", "{26ACA2C5-EE4C-408D-887C-50FAE17DDF18}"
EndProject
Project("{8BC9CEB8-8B4A-11D0-8D11-00A0C91BC942}") = "lib_mpir_gc", "lib_mpir_gc\lib_mpir_gc.vcxproj", "{9892A923-5B9D-43FF-9B05-25C193D988BA}"
EndProject
Project("{8BC9CEB8-8B4A-11D0-8D11-00A0C91BC942}") = "dll_mpir_p6", "dll_mpir_p6\dll_mpir_p6.vcxproj", "{897D406A-AABC-417A-A9FE-B9A31E4E3AAB}"
EndProject
Project("{8BC9CEB8-8B4A-11D0-8D11-00A0C91BC942}") = "lib_mpir_p6", "lib_mpir_p6\lib_mpir_p6.vcxproj", "{B47BC666-610F-48D1-8029-37482208CD76}"
EndProject
Project("{8BC9CEB8-8B4A-11D0-8D11-00A0C91BC942}") = "dll_mpir_core2", "dll_mpir_core2\dll_mpir_core2.vcxproj", "{31BC6F24-4746-40D3-B5D3-B9C062EFB36C}"
EndProject
Project("{8BC9CEB8-8B4A-11D0-8D11-00A0C91BC942}") = "lib_mpir_core2", "lib_mpir_core2\lib_mpir_core2.vcxproj", "{F95FEA5E-4F13-45B6-9DFD-2E7B4683176C}"
EndProject
Project("{8BC9CEB8-8B4A-11D0-8D11-00A0C91BC942}") = "dll_mpir_p6_p3mmx", "dll_mpir_p6_p3mmx\dll_mpir_p6_p3mmx.vcxproj", "{E8164C12-637C-49A3-84C7-853DE521FDF2}"
EndProject
Project("{8BC9CEB8-8B4A-11D0-8D11-00A0C91BC942}") = "lib_mpir_p6_p3mmx", "lib_mpir_p6_p3mmx\lib_mpir_p6_p3mmx.vcxproj", "{57CA3792-FAAC-4B2F-A47A-6B224D92C14A}"
EndProject
Project("{8BC9CEB8-8B4A-11D0-8D11-00A0C91BC942}") = "dll_mpir_bulldozer", "dll_mpir_bulldozer\dll_mpir_bulldozer.vcxproj", "{83210BB1-9A99-4E92-AF2E-C9400C8DBACF}"
EndProject
Project("{8BC9CEB8-8B4A-11D0-8D11-00A0C91BC942}") = "lib_mpir_bulldozer", "lib_mpir_bulldozer\lib_mpir_bulldozer.vcxproj", "{5C17F75F-85A3-4E27-99E5-EB9AC614449A}"
EndProject
Global
	GlobalSection(SolutionConfigurationPlatforms) = preSolution
		Debug|Win32 = Debug|Win32
		Debug|x64 = Debug|x64
		Release|Win32 = Release|Win32
		Release|x64 = Release|x64
	EndGlobalSection
	GlobalSection(ProjectConfigurationPlatforms) = postSolution
		{2EB1C177-099F-4923-A507-9D0EC4FE6060}.Release|Win32.ActiveCfg = Release|Win32
		{2EB1C177-099F-4923-A507-9D0EC4FE6060}.Release|x64.ActiveCfg = Release|x64
		{2EB1C177-099F-4923-A507-9D0EC4FE6060}.Debug|Win32.ActiveCfg = Debug|Win32
		{2EB1C177-099F-4923-A507-9D0EC4FE6060}.Debug|x64.ActiveCfg = Debug|x64
		{26ACA2C5-EE4C-408D-887C-50FAE17DDF18}.Release|Win32.ActiveCfg = Release|Win32
		{26ACA2C5-EE4C-408D-887C-50FAE17DDF18}.Release|x64.ActiveCfg = Release|x64
		{26ACA2C5-EE4C-408D-887C-50FAE17DDF18}.Debug|Win32.ActiveCfg = Debug|Win32
		{26ACA2C5-EE4C-408D-887C-50FAE17DDF18}.Debug|x64.ActiveCfg = Debug|x64
		{9892A923-5B9D-43FF-9B05-25C193D988BA}.Release|Win32.ActiveCfg = Release|Win32
		{9892A923-5B9D-43FF-9B05-25C193D988BA}.Release|x64.ActiveCfg = Release|x64
		{9892A923-5B9D-43FF-9B05-25C193D988BA}.Debug|Win32.ActiveCfg = Debug|Win32
		{9892A923-5B9D-43FF-9B05-25C193D988BA}.Debug|x64.ActiveCfg = Debug|x64
		{897D406A-AABC-417A-A9FE-B9A31E4E3AAB}.Release|Win32.ActiveCfg = Release|Win32
		{897D406A-AABC-417A-A9FE-B9A31E4E3AAB}.Release|x64.ActiveCfg = Release|x64
		{897D406A-AABC-417A-A9FE-B9A31E4E3AAB}.Debug|Win32.ActiveCfg = Debug|Win32
		{897D406A-AABC-417A-A9FE-B9A31E4E3AAB}.Debug|x64.ActiveCfg = Debug|x64
		{B47BC666-610F-48D1-8029-37482208CD76}.Release|Win32.ActiveCfg = Release|Win32
		{B47BC666-610F-48D1-8029-37482208CD76}.Release|x64.ActiveCfg = Release|x64
		{B47BC666-610F-48D1-8029-37482208CD76}.Debug|Win32.ActiveCfg = Debug|Win32
		{B47BC666-610F-48D1-8029-37482208CD76}.Debug|x64.ActiveCfg = Debug|x64
		{31BC6F24-4746-40D3-B5D3-B9C062EFB36C}.Release|Win32.ActiveCfg = Release|Win32
		{31BC6F24-4746-40D3-B5D3-B9C062EFB36C}.Release|x64.ActiveCfg = Release|x64
		{31BC6F24-4746-40D3-B5D3-B9C062EFB36C}.Debug|Win32.ActiveCfg = Debug|Win32
		{31BC6F24-4746-40D3-B5D3-B9C062EFB36C}.Debug|x64.ActiveCfg = Debug|x64
		{F95FEA5E-4F13-45B6-9DFD-2E7B4683176C}.Release|Win32.ActiveCfg = Release|Win32
		{F95FEA5E-4F13-45B6-9DFD-2E7B4683176C}.Release|x64.ActiveCfg = Release|x64
		{F95FEA5E-4F13-45B6-9DFD-2E7B4683176C}.Debug|Win32.ActiveCfg = Debug|Win32
		{F95FEA5E-4F13-45B6-9DFD-2E7B4683176C}.Debug|x64.ActiveCfg = Debug|x64
		{E8164C12-637C-49A3-84C7-853DE521FDF2}.Release|Win32.ActiveCfg = Release|Win32
		{E8164C12-637C-49A3-84C7-853DE521FDF2}.Release|x64.ActiveCfg = Release|x64
		{E8164C12-637C-49A3-84C7-853DE521FDF2}.Debug|Win32.ActiveCfg = Debug|Win32
		{E8164C12-637C-49A3-84C7-853DE521FDF2}.Debug|x64.ActiveCfg = Debug|x64
		{57CA3792-FAAC-4B2F-A47A-6B224D92C14A}.Release|Win32.ActiveCfg = Release|Win32
		{57CA3792-FAAC-4B2F-A47A-6B224D92C14A}.Release|x64.ActiveCfg = Release|x64
		{57CA3792-FAAC-4B2F-A47A-6B224D92C14A}.Debug|Win32.ActiveCfg = Debug|Win32
		{57CA3792-FAAC-4B2F-A47A-6B224D92C14A}.Debug|x64.ActiveCfg = Debug|x64
		{83210BB1-9A99-4E92-AF2E-C9400C8DBACF}.Release|Win32.ActiveCfg = Release|Win32
		{83210BB1-9A99-4E92-AF2E-C9400C8DBACF}.Release|x64.ActiveCfg = Release|x64
		{83210BB1-9A99-4E92-AF2E-C9400C8DBACF}.Debug|Win32.ActiveCfg = Debug|Win32
		{83210BB1-9A99-4E92-AF2E-C9400C8DBACF}.Debug|x64.ActiveCfg = Debug|x64
		{5C17F75F-85A3-4E27-99E5-EB9AC614449A}.Release|Win32.ActiveCfg = Release|Win32
		{5C17F75F-85A3-4E27-99E5-EB9AC614449A}.Release|x64.ActiveCfg = Release|x64
		{5C17F75F-85A3-4E27-99E5-EB9AC614449A}.Debug|Win32.ActiveCfg = Debug|Win32
		{5C17F75F-85A3-4E27-99E5-EB9AC614449A}.Debug|x64.ActiveCfg = Debug|x64
	EndGlobalSection
	GlobalSection(SolutionProperties) = preSolution
		HideSolutionNode = FALSE
	EndGlobalSection
EndGlobal
